// !$*UTF8*$!
{
	archiveVersion = 1;
	classes = {
	};
	objectVersion = 50;
	objects = {

/* Begin PBXBuildFile section */
		1EDDBF8628848AFC86C9E4C5 /* Pods_DataPlatformTests.framework in Frameworks */ = {isa = PBXBuildFile; fileRef = 6FA1E921C35BE2CB7A239787 /* Pods_DataPlatformTests.framework */; };
		30D0E4CCD60C32A9927EFBFA /* Pods_BlueCoding.framework in Frameworks */ = {isa = PBXBuildFile; fileRef = 1C7D23B226109B7B589721E0 /* Pods_BlueCoding.framework */; };
		452AC78B36B51EB2A5F50D49 /* Pods_BlueCodingTests.framework in Frameworks */ = {isa = PBXBuildFile; fileRef = 9222F8D979E4B08343E04A91 /* Pods_BlueCodingTests.framework */; };
		6CACC44F7731F8DF1B8281A7 /* Pods_Domain.framework in Frameworks */ = {isa = PBXBuildFile; fileRef = CE6EF1D845BCE5967869C3FE /* Pods_Domain.framework */; };
		82C29172DF55F03EBEAEE8D7 /* Pods_DomainTests.framework in Frameworks */ = {isa = PBXBuildFile; fileRef = 25D2DE8CE5C2678B895CF95B /* Pods_DomainTests.framework */; };
		A2AE9F3E232EEEA000B4B82D /* AppDelegate.swift in Sources */ = {isa = PBXBuildFile; fileRef = A2AE9F3D232EEEA000B4B82D /* AppDelegate.swift */; };
		A2AE9F43232EEEA000B4B82D /* Main.storyboard in Resources */ = {isa = PBXBuildFile; fileRef = A2AE9F41232EEEA000B4B82D /* Main.storyboard */; };
		A2AE9F45232EEEA100B4B82D /* Assets.xcassets in Resources */ = {isa = PBXBuildFile; fileRef = A2AE9F44232EEEA100B4B82D /* Assets.xcassets */; };
		A2AE9F48232EEEA100B4B82D /* LaunchScreen.storyboard in Resources */ = {isa = PBXBuildFile; fileRef = A2AE9F46232EEEA100B4B82D /* LaunchScreen.storyboard */; };
		A2AE9F53232EEEA100B4B82D /* BlueCodingTests.swift in Sources */ = {isa = PBXBuildFile; fileRef = A2AE9F52232EEEA100B4B82D /* BlueCodingTests.swift */; };
		A2AE9F6B232EEF3300B4B82D /* Domain.framework in Frameworks */ = {isa = PBXBuildFile; fileRef = A2AE9F62232EEF3300B4B82D /* Domain.framework */; };
		A2AE9F72232EEF3300B4B82D /* DomainTests.swift in Sources */ = {isa = PBXBuildFile; fileRef = A2AE9F71232EEF3300B4B82D /* DomainTests.swift */; };
		A2AE9F74232EEF3300B4B82D /* Domain.h in Headers */ = {isa = PBXBuildFile; fileRef = A2AE9F64232EEF3300B4B82D /* Domain.h */; settings = {ATTRIBUTES = (Public, ); }; };
		A2AE9F77232EEF3300B4B82D /* Domain.framework in Frameworks */ = {isa = PBXBuildFile; fileRef = A2AE9F62232EEF3300B4B82D /* Domain.framework */; };
		A2AE9F78232EEF3300B4B82D /* Domain.framework in Embed Frameworks */ = {isa = PBXBuildFile; fileRef = A2AE9F62232EEF3300B4B82D /* Domain.framework */; settings = {ATTRIBUTES = (CodeSignOnCopy, RemoveHeadersOnCopy, ); }; };
		A2AE9F8E232EEF3D00B4B82D /* DataPlatform.framework in Frameworks */ = {isa = PBXBuildFile; fileRef = A2AE9F85232EEF3D00B4B82D /* DataPlatform.framework */; };
		A2AE9F95232EEF3D00B4B82D /* DataPlatformTests.swift in Sources */ = {isa = PBXBuildFile; fileRef = A2AE9F94232EEF3D00B4B82D /* DataPlatformTests.swift */; };
		A2AE9F97232EEF3D00B4B82D /* DataPlatform.h in Headers */ = {isa = PBXBuildFile; fileRef = A2AE9F87232EEF3D00B4B82D /* DataPlatform.h */; settings = {ATTRIBUTES = (Public, ); }; };
		A2AE9F9A232EEF3D00B4B82D /* DataPlatform.framework in Frameworks */ = {isa = PBXBuildFile; fileRef = A2AE9F85232EEF3D00B4B82D /* DataPlatform.framework */; };
		A2AE9F9B232EEF3D00B4B82D /* DataPlatform.framework in Embed Frameworks */ = {isa = PBXBuildFile; fileRef = A2AE9F85232EEF3D00B4B82D /* DataPlatform.framework */; settings = {ATTRIBUTES = (CodeSignOnCopy, RemoveHeadersOnCopy, ); }; };
		A2AE9FAC232EEFD300B4B82D /* MoviesRouter.swift in Sources */ = {isa = PBXBuildFile; fileRef = A2AE9FAB232EEFD300B4B82D /* MoviesRouter.swift */; };
		A2AE9FAE232EEFDD00B4B82D /* MoviesViewModel.swift in Sources */ = {isa = PBXBuildFile; fileRef = A2AE9FAD232EEFDD00B4B82D /* MoviesViewModel.swift */; };
		A2AE9FB0232EEFF000B4B82D /* MoviesViewController.swift in Sources */ = {isa = PBXBuildFile; fileRef = A2AE9FAF232EEFF000B4B82D /* MoviesViewController.swift */; };
		A2AE9FB2232EF27A00B4B82D /* Observable.swift in Sources */ = {isa = PBXBuildFile; fileRef = A2AE9FB1232EF27A00B4B82D /* Observable.swift */; };
		A2AE9FB4232EF28F00B4B82D /* ActivityIndicator.swift in Sources */ = {isa = PBXBuildFile; fileRef = A2AE9FB3232EF28F00B4B82D /* ActivityIndicator.swift */; };
		A2AE9FB6232EF29B00B4B82D /* ErrorTracker.swift in Sources */ = {isa = PBXBuildFile; fileRef = A2AE9FB5232EF29B00B4B82D /* ErrorTracker.swift */; };
		A2AE9FB8232EF2A900B4B82D /* ViewModelType.swift in Sources */ = {isa = PBXBuildFile; fileRef = A2AE9FB7232EF2A900B4B82D /* ViewModelType.swift */; };
		A2AE9FBA232EF2D100B4B82D /* MovieCellViewModel.swift in Sources */ = {isa = PBXBuildFile; fileRef = A2AE9FB9232EF2D100B4B82D /* MovieCellViewModel.swift */; };
		A2AE9FBC232EF33300B4B82D /* MoviesUseCase.swift in Sources */ = {isa = PBXBuildFile; fileRef = A2AE9FBB232EF33300B4B82D /* MoviesUseCase.swift */; };
		A2AE9FBE232EF34900B4B82D /* Movie.swift in Sources */ = {isa = PBXBuildFile; fileRef = A2AE9FBD232EF34900B4B82D /* Movie.swift */; };
		A2AE9FC0232EF35800B4B82D /* UseCaseProvider.swift in Sources */ = {isa = PBXBuildFile; fileRef = A2AE9FBF232EF35800B4B82D /* UseCaseProvider.swift */; };
		A2AE9FC2232EF3A700B4B82D /* MoviesDataRepository.swift in Sources */ = {isa = PBXBuildFile; fileRef = A2AE9FC1232EF3A700B4B82D /* MoviesDataRepository.swift */; };
		A2AE9FC4232EF3BB00B4B82D /* UseCaseProvider.swift in Sources */ = {isa = PBXBuildFile; fileRef = A2AE9FC3232EF3BB00B4B82D /* UseCaseProvider.swift */; };
		A2AE9FCF232EF9BB00B4B82D /* MovieCollectionViewCell.swift in Sources */ = {isa = PBXBuildFile; fileRef = A2AE9FCD232EF9BB00B4B82D /* MovieCollectionViewCell.swift */; };
		A2AE9FD0232EF9BB00B4B82D /* MovieCollectionViewCell.xib in Resources */ = {isa = PBXBuildFile; fileRef = A2AE9FCE232EF9BB00B4B82D /* MovieCollectionViewCell.xib */; };
		A2AE9FD3232EFFF500B4B82D /* Network.swift in Sources */ = {isa = PBXBuildFile; fileRef = A2AE9FD2232EFFF500B4B82D /* Network.swift */; };
		A2AE9FD5232F002A00B4B82D /* NetworkProvider.swift in Sources */ = {isa = PBXBuildFile; fileRef = A2AE9FD4232F002A00B4B82D /* NetworkProvider.swift */; };
		A2AE9FD8232F009D00B4B82D /* MoviesNetwork.swift in Sources */ = {isa = PBXBuildFile; fileRef = A2AE9FD7232F009D00B4B82D /* MoviesNetwork.swift */; };
		A2AE9FDE232F27AB00B4B82D /* MoviesDatabase.swift in Sources */ = {isa = PBXBuildFile; fileRef = A2AE9FDD232F27AB00B4B82D /* MoviesDatabase.swift */; };
		A2AE9FE1232F288100B4B82D /* RMMovie.swift in Sources */ = {isa = PBXBuildFile; fileRef = A2AE9FE0232F288100B4B82D /* RMMovie.swift */; };
		A2AE9FE4232F2D7400B4B82D /* Database.swift in Sources */ = {isa = PBXBuildFile; fileRef = A2AE9FE3232F2D7400B4B82D /* Database.swift */; };
		A2AE9FE7232F2DBF00B4B82D /* RealmRepresentable.swift in Sources */ = {isa = PBXBuildFile; fileRef = A2AE9FE6232F2DBF00B4B82D /* RealmRepresentable.swift */; };
		A2AE9FE9232F2DCA00B4B82D /* DomainConvertibleType.swift in Sources */ = {isa = PBXBuildFile; fileRef = A2AE9FE8232F2DCA00B4B82D /* DomainConvertibleType.swift */; };
		A2AE9FEB232F2E5000B4B82D /* RunLoopThreadScheduler.swift in Sources */ = {isa = PBXBuildFile; fileRef = A2AE9FEA232F2E5000B4B82D /* RunLoopThreadScheduler.swift */; };
		A2AE9FED232F2EA800B4B82D /* Observable+Ext.swift in Sources */ = {isa = PBXBuildFile; fileRef = A2AE9FEC232F2EA800B4B82D /* Observable+Ext.swift */; };
		A2AE9FEF232F2F0800B4B82D /* Realm+Ext.swift in Sources */ = {isa = PBXBuildFile; fileRef = A2AE9FEE232F2F0800B4B82D /* Realm+Ext.swift */; };
		A2AE9FF3232FD90500B4B82D /* DatabaseProvider.swift in Sources */ = {isa = PBXBuildFile; fileRef = A2AE9FF2232FD90500B4B82D /* DatabaseProvider.swift */; };
		D8822A2135F187D9129575FA /* Pods_DataPlatform.framework in Frameworks */ = {isa = PBXBuildFile; fileRef = 9AC0113652BD400095D98616 /* Pods_DataPlatform.framework */; };
/* End PBXBuildFile section */

/* Begin PBXContainerItemProxy section */
		A2AE9F4F232EEEA100B4B82D /* PBXContainerItemProxy */ = {
			isa = PBXContainerItemProxy;
			containerPortal = A2AE9F32232EEEA000B4B82D /* Project object */;
			proxyType = 1;
			remoteGlobalIDString = A2AE9F39232EEEA000B4B82D;
			remoteInfo = BlueCoding;
		};
		A2AE9F6C232EEF3300B4B82D /* PBXContainerItemProxy */ = {
			isa = PBXContainerItemProxy;
			containerPortal = A2AE9F32232EEEA000B4B82D /* Project object */;
			proxyType = 1;
			remoteGlobalIDString = A2AE9F61232EEF3300B4B82D;
			remoteInfo = Domain;
		};
		A2AE9F6E232EEF3300B4B82D /* PBXContainerItemProxy */ = {
			isa = PBXContainerItemProxy;
			containerPortal = A2AE9F32232EEEA000B4B82D /* Project object */;
			proxyType = 1;
			remoteGlobalIDString = A2AE9F39232EEEA000B4B82D;
			remoteInfo = BlueCoding;
		};
		A2AE9F75232EEF3300B4B82D /* PBXContainerItemProxy */ = {
			isa = PBXContainerItemProxy;
			containerPortal = A2AE9F32232EEEA000B4B82D /* Project object */;
			proxyType = 1;
			remoteGlobalIDString = A2AE9F61232EEF3300B4B82D;
			remoteInfo = Domain;
		};
		A2AE9F8F232EEF3D00B4B82D /* PBXContainerItemProxy */ = {
			isa = PBXContainerItemProxy;
			containerPortal = A2AE9F32232EEEA000B4B82D /* Project object */;
			proxyType = 1;
			remoteGlobalIDString = A2AE9F84232EEF3D00B4B82D;
			remoteInfo = DataPlatform;
		};
		A2AE9F91232EEF3D00B4B82D /* PBXContainerItemProxy */ = {
			isa = PBXContainerItemProxy;
			containerPortal = A2AE9F32232EEEA000B4B82D /* Project object */;
			proxyType = 1;
			remoteGlobalIDString = A2AE9F39232EEEA000B4B82D;
			remoteInfo = BlueCoding;
		};
		A2AE9F98232EEF3D00B4B82D /* PBXContainerItemProxy */ = {
			isa = PBXContainerItemProxy;
			containerPortal = A2AE9F32232EEEA000B4B82D /* Project object */;
			proxyType = 1;
			remoteGlobalIDString = A2AE9F84232EEF3D00B4B82D;
			remoteInfo = DataPlatform;
		};
/* End PBXContainerItemProxy section */

/* Begin PBXCopyFilesBuildPhase section */
		A2AE9F7C232EEF3300B4B82D /* Embed Frameworks */ = {
			isa = PBXCopyFilesBuildPhase;
			buildActionMask = 2147483647;
			dstPath = "";
			dstSubfolderSpec = 10;
			files = (
				A2AE9F78232EEF3300B4B82D /* Domain.framework in Embed Frameworks */,
				A2AE9F9B232EEF3D00B4B82D /* DataPlatform.framework in Embed Frameworks */,
			);
			name = "Embed Frameworks";
			runOnlyForDeploymentPostprocessing = 0;
		};
/* End PBXCopyFilesBuildPhase section */

/* Begin PBXFileReference section */
		103878047A6319556CDDA6B1 /* Pods-DataPlatform.release.xcconfig */ = {isa = PBXFileReference; includeInIndex = 1; lastKnownFileType = text.xcconfig; name = "Pods-DataPlatform.release.xcconfig"; path = "Pods/Target Support Files/Pods-DataPlatform/Pods-DataPlatform.release.xcconfig"; sourceTree = "<group>"; };
		1C7D23B226109B7B589721E0 /* Pods_BlueCoding.framework */ = {isa = PBXFileReference; explicitFileType = wrapper.framework; includeInIndex = 0; path = Pods_BlueCoding.framework; sourceTree = BUILT_PRODUCTS_DIR; };
		25D2DE8CE5C2678B895CF95B /* Pods_DomainTests.framework */ = {isa = PBXFileReference; explicitFileType = wrapper.framework; includeInIndex = 0; path = Pods_DomainTests.framework; sourceTree = BUILT_PRODUCTS_DIR; };
		3226D9376779D5648A5756ED /* Pods-DataPlatform.debug.xcconfig */ = {isa = PBXFileReference; includeInIndex = 1; lastKnownFileType = text.xcconfig; name = "Pods-DataPlatform.debug.xcconfig"; path = "Pods/Target Support Files/Pods-DataPlatform/Pods-DataPlatform.debug.xcconfig"; sourceTree = "<group>"; };
		32B189AD67CA90F49A8AD39D /* Pods-DomainTests.release.xcconfig */ = {isa = PBXFileReference; includeInIndex = 1; lastKnownFileType = text.xcconfig; name = "Pods-DomainTests.release.xcconfig"; path = "Pods/Target Support Files/Pods-DomainTests/Pods-DomainTests.release.xcconfig"; sourceTree = "<group>"; };
		3372FD8B8ACFE93F9C97870A /* Pods-Domain.release.xcconfig */ = {isa = PBXFileReference; includeInIndex = 1; lastKnownFileType = text.xcconfig; name = "Pods-Domain.release.xcconfig"; path = "Pods/Target Support Files/Pods-Domain/Pods-Domain.release.xcconfig"; sourceTree = "<group>"; };
		40652E63AEA8AF3A96D8E052 /* Pods-BlueCodingTests.debug.xcconfig */ = {isa = PBXFileReference; includeInIndex = 1; lastKnownFileType = text.xcconfig; name = "Pods-BlueCodingTests.debug.xcconfig"; path = "Pods/Target Support Files/Pods-BlueCodingTests/Pods-BlueCodingTests.debug.xcconfig"; sourceTree = "<group>"; };
		6DF420E3A6707CFAAB49B3F4 /* Pods-BlueCodingTests.release.xcconfig */ = {isa = PBXFileReference; includeInIndex = 1; lastKnownFileType = text.xcconfig; name = "Pods-BlueCodingTests.release.xcconfig"; path = "Pods/Target Support Files/Pods-BlueCodingTests/Pods-BlueCodingTests.release.xcconfig"; sourceTree = "<group>"; };
		6FA1E921C35BE2CB7A239787 /* Pods_DataPlatformTests.framework */ = {isa = PBXFileReference; explicitFileType = wrapper.framework; includeInIndex = 0; path = Pods_DataPlatformTests.framework; sourceTree = BUILT_PRODUCTS_DIR; };
		9222F8D979E4B08343E04A91 /* Pods_BlueCodingTests.framework */ = {isa = PBXFileReference; explicitFileType = wrapper.framework; includeInIndex = 0; path = Pods_BlueCodingTests.framework; sourceTree = BUILT_PRODUCTS_DIR; };
		9306FD1229D2978256C928DF /* Pods-BlueCoding.debug.xcconfig */ = {isa = PBXFileReference; includeInIndex = 1; lastKnownFileType = text.xcconfig; name = "Pods-BlueCoding.debug.xcconfig"; path = "Pods/Target Support Files/Pods-BlueCoding/Pods-BlueCoding.debug.xcconfig"; sourceTree = "<group>"; };
		9AC0113652BD400095D98616 /* Pods_DataPlatform.framework */ = {isa = PBXFileReference; explicitFileType = wrapper.framework; includeInIndex = 0; path = Pods_DataPlatform.framework; sourceTree = BUILT_PRODUCTS_DIR; };
		A2AE9F3A232EEEA000B4B82D /* BlueCoding.app */ = {isa = PBXFileReference; explicitFileType = wrapper.application; includeInIndex = 0; path = BlueCoding.app; sourceTree = BUILT_PRODUCTS_DIR; };
		A2AE9F3D232EEEA000B4B82D /* AppDelegate.swift */ = {isa = PBXFileReference; lastKnownFileType = sourcecode.swift; path = AppDelegate.swift; sourceTree = "<group>"; };
		A2AE9F42232EEEA000B4B82D /* Base */ = {isa = PBXFileReference; lastKnownFileType = file.storyboard; name = Base; path = Base.lproj/Main.storyboard; sourceTree = "<group>"; };
		A2AE9F44232EEEA100B4B82D /* Assets.xcassets */ = {isa = PBXFileReference; lastKnownFileType = folder.assetcatalog; path = Assets.xcassets; sourceTree = "<group>"; };
		A2AE9F47232EEEA100B4B82D /* Base */ = {isa = PBXFileReference; lastKnownFileType = file.storyboard; name = Base; path = Base.lproj/LaunchScreen.storyboard; sourceTree = "<group>"; };
		A2AE9F49232EEEA100B4B82D /* Info.plist */ = {isa = PBXFileReference; lastKnownFileType = text.plist.xml; path = Info.plist; sourceTree = "<group>"; };
		A2AE9F4E232EEEA100B4B82D /* BlueCodingTests.xctest */ = {isa = PBXFileReference; explicitFileType = wrapper.cfbundle; includeInIndex = 0; path = BlueCodingTests.xctest; sourceTree = BUILT_PRODUCTS_DIR; };
		A2AE9F52232EEEA100B4B82D /* BlueCodingTests.swift */ = {isa = PBXFileReference; lastKnownFileType = sourcecode.swift; path = BlueCodingTests.swift; sourceTree = "<group>"; };
		A2AE9F54232EEEA100B4B82D /* Info.plist */ = {isa = PBXFileReference; lastKnownFileType = text.plist.xml; path = Info.plist; sourceTree = "<group>"; };
		A2AE9F62232EEF3300B4B82D /* Domain.framework */ = {isa = PBXFileReference; explicitFileType = wrapper.framework; includeInIndex = 0; path = Domain.framework; sourceTree = BUILT_PRODUCTS_DIR; };
		A2AE9F64232EEF3300B4B82D /* Domain.h */ = {isa = PBXFileReference; lastKnownFileType = sourcecode.c.h; path = Domain.h; sourceTree = "<group>"; };
		A2AE9F65232EEF3300B4B82D /* Info.plist */ = {isa = PBXFileReference; lastKnownFileType = text.plist.xml; path = Info.plist; sourceTree = "<group>"; };
		A2AE9F6A232EEF3300B4B82D /* DomainTests.xctest */ = {isa = PBXFileReference; explicitFileType = wrapper.cfbundle; includeInIndex = 0; path = DomainTests.xctest; sourceTree = BUILT_PRODUCTS_DIR; };
		A2AE9F71232EEF3300B4B82D /* DomainTests.swift */ = {isa = PBXFileReference; lastKnownFileType = sourcecode.swift; path = DomainTests.swift; sourceTree = "<group>"; };
		A2AE9F73232EEF3300B4B82D /* Info.plist */ = {isa = PBXFileReference; lastKnownFileType = text.plist.xml; path = Info.plist; sourceTree = "<group>"; };
		A2AE9F85232EEF3D00B4B82D /* DataPlatform.framework */ = {isa = PBXFileReference; explicitFileType = wrapper.framework; includeInIndex = 0; path = DataPlatform.framework; sourceTree = BUILT_PRODUCTS_DIR; };
		A2AE9F87232EEF3D00B4B82D /* DataPlatform.h */ = {isa = PBXFileReference; lastKnownFileType = sourcecode.c.h; path = DataPlatform.h; sourceTree = "<group>"; };
		A2AE9F88232EEF3D00B4B82D /* Info.plist */ = {isa = PBXFileReference; lastKnownFileType = text.plist.xml; path = Info.plist; sourceTree = "<group>"; };
		A2AE9F8D232EEF3D00B4B82D /* DataPlatformTests.xctest */ = {isa = PBXFileReference; explicitFileType = wrapper.cfbundle; includeInIndex = 0; path = DataPlatformTests.xctest; sourceTree = BUILT_PRODUCTS_DIR; };
		A2AE9F94232EEF3D00B4B82D /* DataPlatformTests.swift */ = {isa = PBXFileReference; lastKnownFileType = sourcecode.swift; path = DataPlatformTests.swift; sourceTree = "<group>"; };
		A2AE9F96232EEF3D00B4B82D /* Info.plist */ = {isa = PBXFileReference; lastKnownFileType = text.plist.xml; path = Info.plist; sourceTree = "<group>"; };
		A2AE9FAB232EEFD300B4B82D /* MoviesRouter.swift */ = {isa = PBXFileReference; lastKnownFileType = sourcecode.swift; path = MoviesRouter.swift; sourceTree = "<group>"; };
		A2AE9FAD232EEFDD00B4B82D /* MoviesViewModel.swift */ = {isa = PBXFileReference; lastKnownFileType = sourcecode.swift; path = MoviesViewModel.swift; sourceTree = "<group>"; };
		A2AE9FAF232EEFF000B4B82D /* MoviesViewController.swift */ = {isa = PBXFileReference; lastKnownFileType = sourcecode.swift; path = MoviesViewController.swift; sourceTree = "<group>"; };
		A2AE9FB1232EF27A00B4B82D /* Observable.swift */ = {isa = PBXFileReference; lastKnownFileType = sourcecode.swift; path = Observable.swift; sourceTree = "<group>"; };
		A2AE9FB3232EF28F00B4B82D /* ActivityIndicator.swift */ = {isa = PBXFileReference; lastKnownFileType = sourcecode.swift; path = ActivityIndicator.swift; sourceTree = "<group>"; };
		A2AE9FB5232EF29B00B4B82D /* ErrorTracker.swift */ = {isa = PBXFileReference; lastKnownFileType = sourcecode.swift; path = ErrorTracker.swift; sourceTree = "<group>"; };
		A2AE9FB7232EF2A900B4B82D /* ViewModelType.swift */ = {isa = PBXFileReference; lastKnownFileType = sourcecode.swift; path = ViewModelType.swift; sourceTree = "<group>"; };
		A2AE9FB9232EF2D100B4B82D /* MovieCellViewModel.swift */ = {isa = PBXFileReference; lastKnownFileType = sourcecode.swift; path = MovieCellViewModel.swift; sourceTree = "<group>"; };
		A2AE9FBB232EF33300B4B82D /* MoviesUseCase.swift */ = {isa = PBXFileReference; lastKnownFileType = sourcecode.swift; path = MoviesUseCase.swift; sourceTree = "<group>"; };
		A2AE9FBD232EF34900B4B82D /* Movie.swift */ = {isa = PBXFileReference; lastKnownFileType = sourcecode.swift; path = Movie.swift; sourceTree = "<group>"; };
		A2AE9FBF232EF35800B4B82D /* UseCaseProvider.swift */ = {isa = PBXFileReference; lastKnownFileType = sourcecode.swift; path = UseCaseProvider.swift; sourceTree = "<group>"; };
		A2AE9FC1232EF3A700B4B82D /* MoviesDataRepository.swift */ = {isa = PBXFileReference; lastKnownFileType = sourcecode.swift; path = MoviesDataRepository.swift; sourceTree = "<group>"; };
		A2AE9FC3232EF3BB00B4B82D /* UseCaseProvider.swift */ = {isa = PBXFileReference; lastKnownFileType = sourcecode.swift; path = UseCaseProvider.swift; sourceTree = "<group>"; };
		A2AE9FCD232EF9BB00B4B82D /* MovieCollectionViewCell.swift */ = {isa = PBXFileReference; lastKnownFileType = sourcecode.swift; path = MovieCollectionViewCell.swift; sourceTree = "<group>"; };
		A2AE9FCE232EF9BB00B4B82D /* MovieCollectionViewCell.xib */ = {isa = PBXFileReference; lastKnownFileType = file.xib; path = MovieCollectionViewCell.xib; sourceTree = "<group>"; };
		A2AE9FD2232EFFF500B4B82D /* Network.swift */ = {isa = PBXFileReference; lastKnownFileType = sourcecode.swift; path = Network.swift; sourceTree = "<group>"; };
		A2AE9FD4232F002A00B4B82D /* NetworkProvider.swift */ = {isa = PBXFileReference; lastKnownFileType = sourcecode.swift; path = NetworkProvider.swift; sourceTree = "<group>"; };
		A2AE9FD7232F009D00B4B82D /* MoviesNetwork.swift */ = {isa = PBXFileReference; lastKnownFileType = sourcecode.swift; path = MoviesNetwork.swift; sourceTree = "<group>"; };
		A2AE9FDD232F27AB00B4B82D /* MoviesDatabase.swift */ = {isa = PBXFileReference; lastKnownFileType = sourcecode.swift; path = MoviesDatabase.swift; sourceTree = "<group>"; };
		A2AE9FE0232F288100B4B82D /* RMMovie.swift */ = {isa = PBXFileReference; lastKnownFileType = sourcecode.swift; path = RMMovie.swift; sourceTree = "<group>"; };
		A2AE9FE3232F2D7400B4B82D /* Database.swift */ = {isa = PBXFileReference; lastKnownFileType = sourcecode.swift; path = Database.swift; sourceTree = "<group>"; };
		A2AE9FE6232F2DBF00B4B82D /* RealmRepresentable.swift */ = {isa = PBXFileReference; lastKnownFileType = sourcecode.swift; path = RealmRepresentable.swift; sourceTree = "<group>"; };
		A2AE9FE8232F2DCA00B4B82D /* DomainConvertibleType.swift */ = {isa = PBXFileReference; lastKnownFileType = sourcecode.swift; path = DomainConvertibleType.swift; sourceTree = "<group>"; };
		A2AE9FEA232F2E5000B4B82D /* RunLoopThreadScheduler.swift */ = {isa = PBXFileReference; lastKnownFileType = sourcecode.swift; path = RunLoopThreadScheduler.swift; sourceTree = "<group>"; };
		A2AE9FEC232F2EA800B4B82D /* Observable+Ext.swift */ = {isa = PBXFileReference; lastKnownFileType = sourcecode.swift; path = "Observable+Ext.swift"; sourceTree = "<group>"; };
		A2AE9FEE232F2F0800B4B82D /* Realm+Ext.swift */ = {isa = PBXFileReference; lastKnownFileType = sourcecode.swift; path = "Realm+Ext.swift"; sourceTree = "<group>"; };
		A2AE9FF2232FD90500B4B82D /* DatabaseProvider.swift */ = {isa = PBXFileReference; lastKnownFileType = sourcecode.swift; path = DatabaseProvider.swift; sourceTree = "<group>"; };
		C0D4ECAFDF17FC71765B5368 /* Pods-BlueCoding.release.xcconfig */ = {isa = PBXFileReference; includeInIndex = 1; lastKnownFileType = text.xcconfig; name = "Pods-BlueCoding.release.xcconfig"; path = "Pods/Target Support Files/Pods-BlueCoding/Pods-BlueCoding.release.xcconfig"; sourceTree = "<group>"; };
		CE6EF1D845BCE5967869C3FE /* Pods_Domain.framework */ = {isa = PBXFileReference; explicitFileType = wrapper.framework; includeInIndex = 0; path = Pods_Domain.framework; sourceTree = BUILT_PRODUCTS_DIR; };
		D90112B76BB6B5A6D8144895 /* Pods-DataPlatformTests.release.xcconfig */ = {isa = PBXFileReference; includeInIndex = 1; lastKnownFileType = text.xcconfig; name = "Pods-DataPlatformTests.release.xcconfig"; path = "Pods/Target Support Files/Pods-DataPlatformTests/Pods-DataPlatformTests.release.xcconfig"; sourceTree = "<group>"; };
		E917C5A7CAC7975D1C12B542 /* Pods-DataPlatformTests.debug.xcconfig */ = {isa = PBXFileReference; includeInIndex = 1; lastKnownFileType = text.xcconfig; name = "Pods-DataPlatformTests.debug.xcconfig"; path = "Pods/Target Support Files/Pods-DataPlatformTests/Pods-DataPlatformTests.debug.xcconfig"; sourceTree = "<group>"; };
		EAF63B5F00CFA3B7189CB886 /* Pods-Domain.debug.xcconfig */ = {isa = PBXFileReference; includeInIndex = 1; lastKnownFileType = text.xcconfig; name = "Pods-Domain.debug.xcconfig"; path = "Pods/Target Support Files/Pods-Domain/Pods-Domain.debug.xcconfig"; sourceTree = "<group>"; };
		FF778069EA9CE8907EF0D752 /* Pods-DomainTests.debug.xcconfig */ = {isa = PBXFileReference; includeInIndex = 1; lastKnownFileType = text.xcconfig; name = "Pods-DomainTests.debug.xcconfig"; path = "Pods/Target Support Files/Pods-DomainTests/Pods-DomainTests.debug.xcconfig"; sourceTree = "<group>"; };
/* End PBXFileReference section */

/* Begin PBXFrameworksBuildPhase section */
		A2AE9F37232EEEA000B4B82D /* Frameworks */ = {
			isa = PBXFrameworksBuildPhase;
			buildActionMask = 2147483647;
			files = (
				A2AE9F77232EEF3300B4B82D /* Domain.framework in Frameworks */,
				A2AE9F9A232EEF3D00B4B82D /* DataPlatform.framework in Frameworks */,
				30D0E4CCD60C32A9927EFBFA /* Pods_BlueCoding.framework in Frameworks */,
			);
			runOnlyForDeploymentPostprocessing = 0;
		};
		A2AE9F4B232EEEA100B4B82D /* Frameworks */ = {
			isa = PBXFrameworksBuildPhase;
			buildActionMask = 2147483647;
			files = (
				452AC78B36B51EB2A5F50D49 /* Pods_BlueCodingTests.framework in Frameworks */,
			);
			runOnlyForDeploymentPostprocessing = 0;
		};
		A2AE9F5F232EEF3300B4B82D /* Frameworks */ = {
			isa = PBXFrameworksBuildPhase;
			buildActionMask = 2147483647;
			files = (
				6CACC44F7731F8DF1B8281A7 /* Pods_Domain.framework in Frameworks */,
			);
			runOnlyForDeploymentPostprocessing = 0;
		};
		A2AE9F67232EEF3300B4B82D /* Frameworks */ = {
			isa = PBXFrameworksBuildPhase;
			buildActionMask = 2147483647;
			files = (
				A2AE9F6B232EEF3300B4B82D /* Domain.framework in Frameworks */,
				82C29172DF55F03EBEAEE8D7 /* Pods_DomainTests.framework in Frameworks */,
			);
			runOnlyForDeploymentPostprocessing = 0;
		};
		A2AE9F82232EEF3D00B4B82D /* Frameworks */ = {
			isa = PBXFrameworksBuildPhase;
			buildActionMask = 2147483647;
			files = (
				D8822A2135F187D9129575FA /* Pods_DataPlatform.framework in Frameworks */,
			);
			runOnlyForDeploymentPostprocessing = 0;
		};
		A2AE9F8A232EEF3D00B4B82D /* Frameworks */ = {
			isa = PBXFrameworksBuildPhase;
			buildActionMask = 2147483647;
			files = (
				A2AE9F8E232EEF3D00B4B82D /* DataPlatform.framework in Frameworks */,
				1EDDBF8628848AFC86C9E4C5 /* Pods_DataPlatformTests.framework in Frameworks */,
			);
			runOnlyForDeploymentPostprocessing = 0;
		};
/* End PBXFrameworksBuildPhase section */

/* Begin PBXGroup section */
		A2AE9F31232EEEA000B4B82D = {
			isa = PBXGroup;
			children = (
				A2AE9F3C232EEEA000B4B82D /* BlueCoding */,
				A2AE9F51232EEEA100B4B82D /* BlueCodingTests */,
				A2AE9F63232EEF3300B4B82D /* Domain */,
				A2AE9F70232EEF3300B4B82D /* DomainTests */,
				A2AE9F86232EEF3D00B4B82D /* DataPlatform */,
				A2AE9F93232EEF3D00B4B82D /* DataPlatformTests */,
				A2AE9F3B232EEEA000B4B82D /* Products */,
				DFEFA1332047323EFA081B7F /* Pods */,
				F915DD26B22937F46C340445 /* Frameworks */,
			);
			sourceTree = "<group>";
		};
		A2AE9F3B232EEEA000B4B82D /* Products */ = {
			isa = PBXGroup;
			children = (
				A2AE9F3A232EEEA000B4B82D /* BlueCoding.app */,
				A2AE9F4E232EEEA100B4B82D /* BlueCodingTests.xctest */,
				A2AE9F62232EEF3300B4B82D /* Domain.framework */,
				A2AE9F6A232EEF3300B4B82D /* DomainTests.xctest */,
				A2AE9F85232EEF3D00B4B82D /* DataPlatform.framework */,
				A2AE9F8D232EEF3D00B4B82D /* DataPlatformTests.xctest */,
			);
			name = Products;
			sourceTree = "<group>";
		};
		A2AE9F3C232EEEA000B4B82D /* BlueCoding */ = {
			isa = PBXGroup;
			children = (
				A2AE9FA2232EEF4C00B4B82D /* AppDelegate */,
				A2AE9FA3232EEF6100B4B82D /* Extensions */,
				A2AE9FA4232EEF6A00B4B82D /* Helpers */,
				A2AE9FA5232EEF7400B4B82D /* Scenes */,
				A2AE9F41232EEEA000B4B82D /* Main.storyboard */,
				A2AE9F44232EEEA100B4B82D /* Assets.xcassets */,
				A2AE9F46232EEEA100B4B82D /* LaunchScreen.storyboard */,
				A2AE9F49232EEEA100B4B82D /* Info.plist */,
			);
			path = BlueCoding;
			sourceTree = "<group>";
		};
		A2AE9F51232EEEA100B4B82D /* BlueCodingTests */ = {
			isa = PBXGroup;
			children = (
				A2AE9F52232EEEA100B4B82D /* BlueCodingTests.swift */,
				A2AE9F54232EEEA100B4B82D /* Info.plist */,
			);
			path = BlueCodingTests;
			sourceTree = "<group>";
		};
		A2AE9F63232EEF3300B4B82D /* Domain */ = {
			isa = PBXGroup;
			children = (
				A2AE9FA6232EEF8400B4B82D /* Entities */,
				A2AE9FA7232EEF8900B4B82D /* UseCases */,
				A2AE9F64232EEF3300B4B82D /* Domain.h */,
				A2AE9F65232EEF3300B4B82D /* Info.plist */,
			);
			path = Domain;
			sourceTree = "<group>";
		};
		A2AE9F70232EEF3300B4B82D /* DomainTests */ = {
			isa = PBXGroup;
			children = (
				A2AE9F71232EEF3300B4B82D /* DomainTests.swift */,
				A2AE9F73232EEF3300B4B82D /* Info.plist */,
			);
			path = DomainTests;
			sourceTree = "<group>";
		};
		A2AE9F86232EEF3D00B4B82D /* DataPlatform */ = {
			isa = PBXGroup;
			children = (
				A2AE9FE2232F2D6300B4B82D /* Realm */,
				A2AE9FDF232F287400B4B82D /* Entities */,
				A2AE9FDC232F278B00B4B82D /* Database */,
				A2AE9FD1232EFFDB00B4B82D /* Network */,
				A2AE9FA9232EEFAB00B4B82D /* Repositories */,
				A2AE9FA8232EEFA400B4B82D /* UseCases */,
				A2AE9F87232EEF3D00B4B82D /* DataPlatform.h */,
				A2AE9F88232EEF3D00B4B82D /* Info.plist */,
			);
			path = DataPlatform;
			sourceTree = "<group>";
		};
		A2AE9F93232EEF3D00B4B82D /* DataPlatformTests */ = {
			isa = PBXGroup;
			children = (
				A2AE9F94232EEF3D00B4B82D /* DataPlatformTests.swift */,
				A2AE9F96232EEF3D00B4B82D /* Info.plist */,
			);
			path = DataPlatformTests;
			sourceTree = "<group>";
		};
		A2AE9FA2232EEF4C00B4B82D /* AppDelegate */ = {
			isa = PBXGroup;
			children = (
				A2AE9F3D232EEEA000B4B82D /* AppDelegate.swift */,
			);
			path = AppDelegate;
			sourceTree = "<group>";
		};
		A2AE9FA3232EEF6100B4B82D /* Extensions */ = {
			isa = PBXGroup;
			children = (
				A2AE9FB1232EF27A00B4B82D /* Observable.swift */,
			);
			path = Extensions;
			sourceTree = "<group>";
		};
		A2AE9FA4232EEF6A00B4B82D /* Helpers */ = {
			isa = PBXGroup;
			children = (
				A2AE9FB3232EF28F00B4B82D /* ActivityIndicator.swift */,
				A2AE9FB5232EF29B00B4B82D /* ErrorTracker.swift */,
				A2AE9FB7232EF2A900B4B82D /* ViewModelType.swift */,
			);
			path = Helpers;
			sourceTree = "<group>";
		};
		A2AE9FA5232EEF7400B4B82D /* Scenes */ = {
			isa = PBXGroup;
			children = (
				A2AE9FAA232EEFC100B4B82D /* MoviesList */,
			);
			path = Scenes;
			sourceTree = "<group>";
		};
		A2AE9FA6232EEF8400B4B82D /* Entities */ = {
			isa = PBXGroup;
			children = (
				A2AE9FBD232EF34900B4B82D /* Movie.swift */,
			);
			path = Entities;
			sourceTree = "<group>";
		};
		A2AE9FA7232EEF8900B4B82D /* UseCases */ = {
			isa = PBXGroup;
			children = (
				A2AE9FBB232EF33300B4B82D /* MoviesUseCase.swift */,
				A2AE9FBF232EF35800B4B82D /* UseCaseProvider.swift */,
			);
			path = UseCases;
			sourceTree = "<group>";
		};
		A2AE9FA8232EEFA400B4B82D /* UseCases */ = {
			isa = PBXGroup;
			children = (
				A2AE9FC3232EF3BB00B4B82D /* UseCaseProvider.swift */,
			);
			path = UseCases;
			sourceTree = "<group>";
		};
		A2AE9FA9232EEFAB00B4B82D /* Repositories */ = {
			isa = PBXGroup;
			children = (
				A2AE9FC1232EF3A700B4B82D /* MoviesDataRepository.swift */,
			);
			path = Repositories;
			sourceTree = "<group>";
		};
		A2AE9FAA232EEFC100B4B82D /* MoviesList */ = {
			isa = PBXGroup;
			children = (
				A2AE9FAB232EEFD300B4B82D /* MoviesRouter.swift */,
				A2AE9FAF232EEFF000B4B82D /* MoviesViewController.swift */,
				A2AE9FAD232EEFDD00B4B82D /* MoviesViewModel.swift */,
				A2AE9FCD232EF9BB00B4B82D /* MovieCollectionViewCell.swift */,
				A2AE9FCE232EF9BB00B4B82D /* MovieCollectionViewCell.xib */,
				A2AE9FB9232EF2D100B4B82D /* MovieCellViewModel.swift */,
			);
			path = MoviesList;
			sourceTree = "<group>";
		};
		A2AE9FD1232EFFDB00B4B82D /* Network */ = {
			isa = PBXGroup;
			children = (
				A2AE9FD2232EFFF500B4B82D /* Network.swift */,
				A2AE9FD4232F002A00B4B82D /* NetworkProvider.swift */,
				A2AE9FD7232F009D00B4B82D /* MoviesNetwork.swift */,
			);
			path = Network;
			sourceTree = "<group>";
		};
		A2AE9FDC232F278B00B4B82D /* Database */ = {
			isa = PBXGroup;
			children = (
				A2AE9FE3232F2D7400B4B82D /* Database.swift */,
				A2AE9FF2232FD90500B4B82D /* DatabaseProvider.swift */,
				A2AE9FDD232F27AB00B4B82D /* MoviesDatabase.swift */,
			);
			path = Database;
			sourceTree = "<group>";
		};
		A2AE9FDF232F287400B4B82D /* Entities */ = {
			isa = PBXGroup;
			children = (
				A2AE9FE0232F288100B4B82D /* RMMovie.swift */,
			);
			path = Entities;
			sourceTree = "<group>";
		};
		A2AE9FE2232F2D6300B4B82D /* Realm */ = {
			isa = PBXGroup;
			children = (
				A2AE9FF4232FE05B00B4B82D /* Extensions */,
				A2AE9FE5232F2DB000B4B82D /* Convertion */,
			);
			path = Realm;
			sourceTree = "<group>";
		};
		A2AE9FE5232F2DB000B4B82D /* Convertion */ = {
			isa = PBXGroup;
			children = (
				A2AE9FE8232F2DCA00B4B82D /* DomainConvertibleType.swift */,
				A2AE9FE6232F2DBF00B4B82D /* RealmRepresentable.swift */,
				A2AE9FEA232F2E5000B4B82D /* RunLoopThreadScheduler.swift */,
			);
			path = Convertion;
			sourceTree = "<group>";
		};
		A2AE9FF4232FE05B00B4B82D /* Extensions */ = {
			isa = PBXGroup;
			children = (
				A2AE9FEC232F2EA800B4B82D /* Observable+Ext.swift */,
				A2AE9FEE232F2F0800B4B82D /* Realm+Ext.swift */,
			);
			path = Extensions;
			sourceTree = "<group>";
		};
		DFEFA1332047323EFA081B7F /* Pods */ = {
			isa = PBXGroup;
			children = (
				9306FD1229D2978256C928DF /* Pods-BlueCoding.debug.xcconfig */,
				C0D4ECAFDF17FC71765B5368 /* Pods-BlueCoding.release.xcconfig */,
				40652E63AEA8AF3A96D8E052 /* Pods-BlueCodingTests.debug.xcconfig */,
				6DF420E3A6707CFAAB49B3F4 /* Pods-BlueCodingTests.release.xcconfig */,
				3226D9376779D5648A5756ED /* Pods-DataPlatform.debug.xcconfig */,
				103878047A6319556CDDA6B1 /* Pods-DataPlatform.release.xcconfig */,
				E917C5A7CAC7975D1C12B542 /* Pods-DataPlatformTests.debug.xcconfig */,
				D90112B76BB6B5A6D8144895 /* Pods-DataPlatformTests.release.xcconfig */,
				EAF63B5F00CFA3B7189CB886 /* Pods-Domain.debug.xcconfig */,
				3372FD8B8ACFE93F9C97870A /* Pods-Domain.release.xcconfig */,
				FF778069EA9CE8907EF0D752 /* Pods-DomainTests.debug.xcconfig */,
				32B189AD67CA90F49A8AD39D /* Pods-DomainTests.release.xcconfig */,
			);
			name = Pods;
			sourceTree = "<group>";
		};
		F915DD26B22937F46C340445 /* Frameworks */ = {
			isa = PBXGroup;
			children = (
				1C7D23B226109B7B589721E0 /* Pods_BlueCoding.framework */,
				9222F8D979E4B08343E04A91 /* Pods_BlueCodingTests.framework */,
				9AC0113652BD400095D98616 /* Pods_DataPlatform.framework */,
				6FA1E921C35BE2CB7A239787 /* Pods_DataPlatformTests.framework */,
				CE6EF1D845BCE5967869C3FE /* Pods_Domain.framework */,
				25D2DE8CE5C2678B895CF95B /* Pods_DomainTests.framework */,
			);
			name = Frameworks;
			sourceTree = "<group>";
		};
/* End PBXGroup section */

/* Begin PBXHeadersBuildPhase section */
		A2AE9F5D232EEF3300B4B82D /* Headers */ = {
			isa = PBXHeadersBuildPhase;
			buildActionMask = 2147483647;
			files = (
				A2AE9F74232EEF3300B4B82D /* Domain.h in Headers */,
			);
			runOnlyForDeploymentPostprocessing = 0;
		};
		A2AE9F80232EEF3D00B4B82D /* Headers */ = {
			isa = PBXHeadersBuildPhase;
			buildActionMask = 2147483647;
			files = (
				A2AE9F97232EEF3D00B4B82D /* DataPlatform.h in Headers */,
			);
			runOnlyForDeploymentPostprocessing = 0;
		};
/* End PBXHeadersBuildPhase section */

/* Begin PBXNativeTarget section */
		A2AE9F39232EEEA000B4B82D /* BlueCoding */ = {
			isa = PBXNativeTarget;
			buildConfigurationList = A2AE9F57232EEEA100B4B82D /* Build configuration list for PBXNativeTarget "BlueCoding" */;
			buildPhases = (
				F6E41E81DC0299B61C5E9DCC /* [CP] Check Pods Manifest.lock */,
				A2AE9F36232EEEA000B4B82D /* Sources */,
				A2AE9F37232EEEA000B4B82D /* Frameworks */,
				A2AE9F38232EEEA000B4B82D /* Resources */,
				A2AE9F7C232EEF3300B4B82D /* Embed Frameworks */,
				86149BF981BE18C5F0B07F19 /* [CP] Embed Pods Frameworks */,
			);
			buildRules = (
			);
			dependencies = (
				A2AE9F76232EEF3300B4B82D /* PBXTargetDependency */,
				A2AE9F99232EEF3D00B4B82D /* PBXTargetDependency */,
			);
			name = BlueCoding;
			productName = BlueCoding;
			productReference = A2AE9F3A232EEEA000B4B82D /* BlueCoding.app */;
			productType = "com.apple.product-type.application";
		};
		A2AE9F4D232EEEA100B4B82D /* BlueCodingTests */ = {
			isa = PBXNativeTarget;
			buildConfigurationList = A2AE9F5A232EEEA100B4B82D /* Build configuration list for PBXNativeTarget "BlueCodingTests" */;
			buildPhases = (
				6F105EBBFAD1B60E5D06D77C /* [CP] Check Pods Manifest.lock */,
				A2AE9F4A232EEEA100B4B82D /* Sources */,
				A2AE9F4B232EEEA100B4B82D /* Frameworks */,
				A2AE9F4C232EEEA100B4B82D /* Resources */,
			);
			buildRules = (
			);
			dependencies = (
				A2AE9F50232EEEA100B4B82D /* PBXTargetDependency */,
			);
			name = BlueCodingTests;
			productName = BlueCodingTests;
			productReference = A2AE9F4E232EEEA100B4B82D /* BlueCodingTests.xctest */;
			productType = "com.apple.product-type.bundle.unit-test";
		};
		A2AE9F61232EEF3300B4B82D /* Domain */ = {
			isa = PBXNativeTarget;
			buildConfigurationList = A2AE9F79232EEF3300B4B82D /* Build configuration list for PBXNativeTarget "Domain" */;
			buildPhases = (
				F6B00D239F6EDAE15A8CCD3F /* [CP] Check Pods Manifest.lock */,
				A2AE9F5D232EEF3300B4B82D /* Headers */,
				A2AE9F5E232EEF3300B4B82D /* Sources */,
				A2AE9F5F232EEF3300B4B82D /* Frameworks */,
				A2AE9F60232EEF3300B4B82D /* Resources */,
			);
			buildRules = (
			);
			dependencies = (
			);
			name = Domain;
			productName = Domain;
			productReference = A2AE9F62232EEF3300B4B82D /* Domain.framework */;
			productType = "com.apple.product-type.framework";
		};
		A2AE9F69232EEF3300B4B82D /* DomainTests */ = {
			isa = PBXNativeTarget;
			buildConfigurationList = A2AE9F7D232EEF3300B4B82D /* Build configuration list for PBXNativeTarget "DomainTests" */;
			buildPhases = (
				99EA16FBCD4A3D6F5652B2A7 /* [CP] Check Pods Manifest.lock */,
				A2AE9F66232EEF3300B4B82D /* Sources */,
				A2AE9F67232EEF3300B4B82D /* Frameworks */,
				A2AE9F68232EEF3300B4B82D /* Resources */,
				C82BECE4A7ED9AD12D2E3EB2 /* [CP] Embed Pods Frameworks */,
			);
			buildRules = (
			);
			dependencies = (
				A2AE9F6D232EEF3300B4B82D /* PBXTargetDependency */,
				A2AE9F6F232EEF3300B4B82D /* PBXTargetDependency */,
			);
			name = DomainTests;
			productName = DomainTests;
			productReference = A2AE9F6A232EEF3300B4B82D /* DomainTests.xctest */;
			productType = "com.apple.product-type.bundle.unit-test";
		};
		A2AE9F84232EEF3D00B4B82D /* DataPlatform */ = {
			isa = PBXNativeTarget;
			buildConfigurationList = A2AE9F9C232EEF3D00B4B82D /* Build configuration list for PBXNativeTarget "DataPlatform" */;
			buildPhases = (
				F294C52A55A9FC34B1079AFC /* [CP] Check Pods Manifest.lock */,
				A2AE9F80232EEF3D00B4B82D /* Headers */,
				A2AE9F81232EEF3D00B4B82D /* Sources */,
				A2AE9F82232EEF3D00B4B82D /* Frameworks */,
				A2AE9F83232EEF3D00B4B82D /* Resources */,
			);
			buildRules = (
			);
			dependencies = (
			);
			name = DataPlatform;
			productName = DataPlatform;
			productReference = A2AE9F85232EEF3D00B4B82D /* DataPlatform.framework */;
			productType = "com.apple.product-type.framework";
		};
		A2AE9F8C232EEF3D00B4B82D /* DataPlatformTests */ = {
			isa = PBXNativeTarget;
			buildConfigurationList = A2AE9F9F232EEF3D00B4B82D /* Build configuration list for PBXNativeTarget "DataPlatformTests" */;
			buildPhases = (
				B121C89B05422073B2094A64 /* [CP] Check Pods Manifest.lock */,
				A2AE9F89232EEF3D00B4B82D /* Sources */,
				A2AE9F8A232EEF3D00B4B82D /* Frameworks */,
				A2AE9F8B232EEF3D00B4B82D /* Resources */,
				E4148D7615DECF7D80EED3AE /* [CP] Embed Pods Frameworks */,
			);
			buildRules = (
			);
			dependencies = (
				A2AE9F90232EEF3D00B4B82D /* PBXTargetDependency */,
				A2AE9F92232EEF3D00B4B82D /* PBXTargetDependency */,
			);
			name = DataPlatformTests;
			productName = DataPlatformTests;
			productReference = A2AE9F8D232EEF3D00B4B82D /* DataPlatformTests.xctest */;
			productType = "com.apple.product-type.bundle.unit-test";
		};
/* End PBXNativeTarget section */

/* Begin PBXProject section */
		A2AE9F32232EEEA000B4B82D /* Project object */ = {
			isa = PBXProject;
			attributes = {
				LastSwiftUpdateCheck = 1030;
				LastUpgradeCheck = 1030;
				ORGANIZATIONNAME = "Fernando Gallo";
				TargetAttributes = {
					A2AE9F39232EEEA000B4B82D = {
						CreatedOnToolsVersion = 10.3;
					};
					A2AE9F4D232EEEA100B4B82D = {
						CreatedOnToolsVersion = 10.3;
						TestTargetID = A2AE9F39232EEEA000B4B82D;
					};
					A2AE9F61232EEF3300B4B82D = {
						CreatedOnToolsVersion = 10.3;
						LastSwiftMigration = 1030;
					};
					A2AE9F69232EEF3300B4B82D = {
						CreatedOnToolsVersion = 10.3;
						TestTargetID = A2AE9F39232EEEA000B4B82D;
					};
					A2AE9F84232EEF3D00B4B82D = {
						CreatedOnToolsVersion = 10.3;
						LastSwiftMigration = 1030;
					};
					A2AE9F8C232EEF3D00B4B82D = {
						CreatedOnToolsVersion = 10.3;
						TestTargetID = A2AE9F39232EEEA000B4B82D;
					};
				};
			};
			buildConfigurationList = A2AE9F35232EEEA000B4B82D /* Build configuration list for PBXProject "BlueCoding" */;
			compatibilityVersion = "Xcode 9.3";
			developmentRegion = en;
			hasScannedForEncodings = 0;
			knownRegions = (
				en,
				Base,
			);
			mainGroup = A2AE9F31232EEEA000B4B82D;
			productRefGroup = A2AE9F3B232EEEA000B4B82D /* Products */;
			projectDirPath = "";
			projectRoot = "";
			targets = (
				A2AE9F39232EEEA000B4B82D /* BlueCoding */,
				A2AE9F4D232EEEA100B4B82D /* BlueCodingTests */,
				A2AE9F61232EEF3300B4B82D /* Domain */,
				A2AE9F69232EEF3300B4B82D /* DomainTests */,
				A2AE9F84232EEF3D00B4B82D /* DataPlatform */,
				A2AE9F8C232EEF3D00B4B82D /* DataPlatformTests */,
			);
		};
/* End PBXProject section */

/* Begin PBXResourcesBuildPhase section */
		A2AE9F38232EEEA000B4B82D /* Resources */ = {
			isa = PBXResourcesBuildPhase;
			buildActionMask = 2147483647;
			files = (
				A2AE9F48232EEEA100B4B82D /* LaunchScreen.storyboard in Resources */,
				A2AE9F45232EEEA100B4B82D /* Assets.xcassets in Resources */,
				A2AE9F43232EEEA000B4B82D /* Main.storyboard in Resources */,
				A2AE9FD0232EF9BB00B4B82D /* MovieCollectionViewCell.xib in Resources */,
			);
			runOnlyForDeploymentPostprocessing = 0;
		};
		A2AE9F4C232EEEA100B4B82D /* Resources */ = {
			isa = PBXResourcesBuildPhase;
			buildActionMask = 2147483647;
			files = (
			);
			runOnlyForDeploymentPostprocessing = 0;
		};
		A2AE9F60232EEF3300B4B82D /* Resources */ = {
			isa = PBXResourcesBuildPhase;
			buildActionMask = 2147483647;
			files = (
			);
			runOnlyForDeploymentPostprocessing = 0;
		};
		A2AE9F68232EEF3300B4B82D /* Resources */ = {
			isa = PBXResourcesBuildPhase;
			buildActionMask = 2147483647;
			files = (
			);
			runOnlyForDeploymentPostprocessing = 0;
		};
		A2AE9F83232EEF3D00B4B82D /* Resources */ = {
			isa = PBXResourcesBuildPhase;
			buildActionMask = 2147483647;
			files = (
			);
			runOnlyForDeploymentPostprocessing = 0;
		};
		A2AE9F8B232EEF3D00B4B82D /* Resources */ = {
			isa = PBXResourcesBuildPhase;
			buildActionMask = 2147483647;
			files = (
			);
			runOnlyForDeploymentPostprocessing = 0;
		};
/* End PBXResourcesBuildPhase section */

/* Begin PBXShellScriptBuildPhase section */
		6F105EBBFAD1B60E5D06D77C /* [CP] Check Pods Manifest.lock */ = {
			isa = PBXShellScriptBuildPhase;
			buildActionMask = 2147483647;
			files = (
			);
			inputFileListPaths = (
			);
			inputPaths = (
				"${PODS_PODFILE_DIR_PATH}/Podfile.lock",
				"${PODS_ROOT}/Manifest.lock",
			);
			name = "[CP] Check Pods Manifest.lock";
			outputFileListPaths = (
			);
			outputPaths = (
				"$(DERIVED_FILE_DIR)/Pods-BlueCodingTests-checkManifestLockResult.txt",
			);
			runOnlyForDeploymentPostprocessing = 0;
			shellPath = /bin/sh;
			shellScript = "diff \"${PODS_PODFILE_DIR_PATH}/Podfile.lock\" \"${PODS_ROOT}/Manifest.lock\" > /dev/null\nif [ $? != 0 ] ; then\n    # print error to STDERR\n    echo \"error: The sandbox is not in sync with the Podfile.lock. Run 'pod install' or update your CocoaPods installation.\" >&2\n    exit 1\nfi\n# This output is used by Xcode 'outputs' to avoid re-running this script phase.\necho \"SUCCESS\" > \"${SCRIPT_OUTPUT_FILE_0}\"\n";
			showEnvVarsInLog = 0;
		};
		86149BF981BE18C5F0B07F19 /* [CP] Embed Pods Frameworks */ = {
			isa = PBXShellScriptBuildPhase;
			buildActionMask = 2147483647;
			files = (
			);
			inputFileListPaths = (
			);
			inputPaths = (
				"${SRCROOT}/Pods/Target Support Files/Pods-BlueCoding/Pods-BlueCoding-frameworks.sh",
				"${BUILT_PRODUCTS_DIR}/RxCocoa/RxCocoa.framework",
				"${BUILT_PRODUCTS_DIR}/RxRelay/RxRelay.framework",
				"${BUILT_PRODUCTS_DIR}/RxSwift/RxSwift.framework",
				"${BUILT_PRODUCTS_DIR}/Alamofire/Alamofire.framework",
				"${BUILT_PRODUCTS_DIR}/Realm/Realm.framework",
				"${BUILT_PRODUCTS_DIR}/RealmSwift/RealmSwift.framework",
				"${BUILT_PRODUCTS_DIR}/RxAlamofire/RxAlamofire.framework",
				"${BUILT_PRODUCTS_DIR}/RxRealm/RxRealm.framework",
			);
			name = "[CP] Embed Pods Frameworks";
			outputFileListPaths = (
			);
			outputPaths = (
				"${TARGET_BUILD_DIR}/${FRAMEWORKS_FOLDER_PATH}/RxCocoa.framework",
				"${TARGET_BUILD_DIR}/${FRAMEWORKS_FOLDER_PATH}/RxRelay.framework",
				"${TARGET_BUILD_DIR}/${FRAMEWORKS_FOLDER_PATH}/RxSwift.framework",
				"${TARGET_BUILD_DIR}/${FRAMEWORKS_FOLDER_PATH}/Alamofire.framework",
				"${TARGET_BUILD_DIR}/${FRAMEWORKS_FOLDER_PATH}/Realm.framework",
				"${TARGET_BUILD_DIR}/${FRAMEWORKS_FOLDER_PATH}/RealmSwift.framework",
				"${TARGET_BUILD_DIR}/${FRAMEWORKS_FOLDER_PATH}/RxAlamofire.framework",
				"${TARGET_BUILD_DIR}/${FRAMEWORKS_FOLDER_PATH}/RxRealm.framework",
			);
			runOnlyForDeploymentPostprocessing = 0;
			shellPath = /bin/sh;
			shellScript = "\"${SRCROOT}/Pods/Target Support Files/Pods-BlueCoding/Pods-BlueCoding-frameworks.sh\"\n";
			showEnvVarsInLog = 0;
		};
		99EA16FBCD4A3D6F5652B2A7 /* [CP] Check Pods Manifest.lock */ = {
			isa = PBXShellScriptBuildPhase;
			buildActionMask = 2147483647;
			files = (
			);
			inputFileListPaths = (
			);
			inputPaths = (
				"${PODS_PODFILE_DIR_PATH}/Podfile.lock",
				"${PODS_ROOT}/Manifest.lock",
			);
			name = "[CP] Check Pods Manifest.lock";
			outputFileListPaths = (
			);
			outputPaths = (
				"$(DERIVED_FILE_DIR)/Pods-DomainTests-checkManifestLockResult.txt",
			);
			runOnlyForDeploymentPostprocessing = 0;
			shellPath = /bin/sh;
			shellScript = "diff \"${PODS_PODFILE_DIR_PATH}/Podfile.lock\" \"${PODS_ROOT}/Manifest.lock\" > /dev/null\nif [ $? != 0 ] ; then\n    # print error to STDERR\n    echo \"error: The sandbox is not in sync with the Podfile.lock. Run 'pod install' or update your CocoaPods installation.\" >&2\n    exit 1\nfi\n# This output is used by Xcode 'outputs' to avoid re-running this script phase.\necho \"SUCCESS\" > \"${SCRIPT_OUTPUT_FILE_0}\"\n";
			showEnvVarsInLog = 0;
		};
		B121C89B05422073B2094A64 /* [CP] Check Pods Manifest.lock */ = {
			isa = PBXShellScriptBuildPhase;
			buildActionMask = 2147483647;
			files = (
			);
			inputFileListPaths = (
			);
			inputPaths = (
				"${PODS_PODFILE_DIR_PATH}/Podfile.lock",
				"${PODS_ROOT}/Manifest.lock",
			);
			name = "[CP] Check Pods Manifest.lock";
			outputFileListPaths = (
			);
			outputPaths = (
				"$(DERIVED_FILE_DIR)/Pods-DataPlatformTests-checkManifestLockResult.txt",
			);
			runOnlyForDeploymentPostprocessing = 0;
			shellPath = /bin/sh;
			shellScript = "diff \"${PODS_PODFILE_DIR_PATH}/Podfile.lock\" \"${PODS_ROOT}/Manifest.lock\" > /dev/null\nif [ $? != 0 ] ; then\n    # print error to STDERR\n    echo \"error: The sandbox is not in sync with the Podfile.lock. Run 'pod install' or update your CocoaPods installation.\" >&2\n    exit 1\nfi\n# This output is used by Xcode 'outputs' to avoid re-running this script phase.\necho \"SUCCESS\" > \"${SCRIPT_OUTPUT_FILE_0}\"\n";
			showEnvVarsInLog = 0;
		};
		C82BECE4A7ED9AD12D2E3EB2 /* [CP] Embed Pods Frameworks */ = {
			isa = PBXShellScriptBuildPhase;
			buildActionMask = 2147483647;
			files = (
			);
			inputFileListPaths = (
			);
			inputPaths = (
				"${SRCROOT}/Pods/Target Support Files/Pods-DomainTests/Pods-DomainTests-frameworks.sh",
				"${BUILT_PRODUCTS_DIR}/RxSwift/RxSwift.framework",
			);
			name = "[CP] Embed Pods Frameworks";
			outputFileListPaths = (
			);
			outputPaths = (
				"${TARGET_BUILD_DIR}/${FRAMEWORKS_FOLDER_PATH}/RxSwift.framework",
			);
			runOnlyForDeploymentPostprocessing = 0;
			shellPath = /bin/sh;
			shellScript = "\"${SRCROOT}/Pods/Target Support Files/Pods-DomainTests/Pods-DomainTests-frameworks.sh\"\n";
			showEnvVarsInLog = 0;
		};
		E4148D7615DECF7D80EED3AE /* [CP] Embed Pods Frameworks */ = {
			isa = PBXShellScriptBuildPhase;
			buildActionMask = 2147483647;
			files = (
			);
			inputFileListPaths = (
			);
			inputPaths = (
				"${SRCROOT}/Pods/Target Support Files/Pods-DataPlatformTests/Pods-DataPlatformTests-frameworks.sh",
				"${BUILT_PRODUCTS_DIR}/RxSwift/RxSwift.framework",
				"${BUILT_PRODUCTS_DIR}/Alamofire/Alamofire.framework",
				"${BUILT_PRODUCTS_DIR}/Realm/Realm.framework",
				"${BUILT_PRODUCTS_DIR}/RealmSwift/RealmSwift.framework",
				"${BUILT_PRODUCTS_DIR}/RxAlamofire/RxAlamofire.framework",
				"${BUILT_PRODUCTS_DIR}/RxRealm/RxRealm.framework",
			);
			name = "[CP] Embed Pods Frameworks";
			outputFileListPaths = (
			);
			outputPaths = (
				"${TARGET_BUILD_DIR}/${FRAMEWORKS_FOLDER_PATH}/RxSwift.framework",
				"${TARGET_BUILD_DIR}/${FRAMEWORKS_FOLDER_PATH}/Alamofire.framework",
				"${TARGET_BUILD_DIR}/${FRAMEWORKS_FOLDER_PATH}/Realm.framework",
				"${TARGET_BUILD_DIR}/${FRAMEWORKS_FOLDER_PATH}/RealmSwift.framework",
				"${TARGET_BUILD_DIR}/${FRAMEWORKS_FOLDER_PATH}/RxAlamofire.framework",
				"${TARGET_BUILD_DIR}/${FRAMEWORKS_FOLDER_PATH}/RxRealm.framework",
			);
			runOnlyForDeploymentPostprocessing = 0;
			shellPath = /bin/sh;
			shellScript = "\"${SRCROOT}/Pods/Target Support Files/Pods-DataPlatformTests/Pods-DataPlatformTests-frameworks.sh\"\n";
			showEnvVarsInLog = 0;
		};
		F294C52A55A9FC34B1079AFC /* [CP] Check Pods Manifest.lock */ = {
			isa = PBXShellScriptBuildPhase;
			buildActionMask = 2147483647;
			files = (
			);
			inputFileListPaths = (
			);
			inputPaths = (
				"${PODS_PODFILE_DIR_PATH}/Podfile.lock",
				"${PODS_ROOT}/Manifest.lock",
			);
			name = "[CP] Check Pods Manifest.lock";
			outputFileListPaths = (
			);
			outputPaths = (
				"$(DERIVED_FILE_DIR)/Pods-DataPlatform-checkManifestLockResult.txt",
			);
			runOnlyForDeploymentPostprocessing = 0;
			shellPath = /bin/sh;
			shellScript = "diff \"${PODS_PODFILE_DIR_PATH}/Podfile.lock\" \"${PODS_ROOT}/Manifest.lock\" > /dev/null\nif [ $? != 0 ] ; then\n    # print error to STDERR\n    echo \"error: The sandbox is not in sync with the Podfile.lock. Run 'pod install' or update your CocoaPods installation.\" >&2\n    exit 1\nfi\n# This output is used by Xcode 'outputs' to avoid re-running this script phase.\necho \"SUCCESS\" > \"${SCRIPT_OUTPUT_FILE_0}\"\n";
			showEnvVarsInLog = 0;
		};
		F6B00D239F6EDAE15A8CCD3F /* [CP] Check Pods Manifest.lock */ = {
			isa = PBXShellScriptBuildPhase;
			buildActionMask = 2147483647;
			files = (
			);
			inputFileListPaths = (
			);
			inputPaths = (
				"${PODS_PODFILE_DIR_PATH}/Podfile.lock",
				"${PODS_ROOT}/Manifest.lock",
			);
			name = "[CP] Check Pods Manifest.lock";
			outputFileListPaths = (
			);
			outputPaths = (
				"$(DERIVED_FILE_DIR)/Pods-Domain-checkManifestLockResult.txt",
			);
			runOnlyForDeploymentPostprocessing = 0;
			shellPath = /bin/sh;
			shellScript = "diff \"${PODS_PODFILE_DIR_PATH}/Podfile.lock\" \"${PODS_ROOT}/Manifest.lock\" > /dev/null\nif [ $? != 0 ] ; then\n    # print error to STDERR\n    echo \"error: The sandbox is not in sync with the Podfile.lock. Run 'pod install' or update your CocoaPods installation.\" >&2\n    exit 1\nfi\n# This output is used by Xcode 'outputs' to avoid re-running this script phase.\necho \"SUCCESS\" > \"${SCRIPT_OUTPUT_FILE_0}\"\n";
			showEnvVarsInLog = 0;
		};
		F6E41E81DC0299B61C5E9DCC /* [CP] Check Pods Manifest.lock */ = {
			isa = PBXShellScriptBuildPhase;
			buildActionMask = 2147483647;
			files = (
			);
			inputFileListPaths = (
			);
			inputPaths = (
				"${PODS_PODFILE_DIR_PATH}/Podfile.lock",
				"${PODS_ROOT}/Manifest.lock",
			);
			name = "[CP] Check Pods Manifest.lock";
			outputFileListPaths = (
			);
			outputPaths = (
				"$(DERIVED_FILE_DIR)/Pods-BlueCoding-checkManifestLockResult.txt",
			);
			runOnlyForDeploymentPostprocessing = 0;
			shellPath = /bin/sh;
			shellScript = "diff \"${PODS_PODFILE_DIR_PATH}/Podfile.lock\" \"${PODS_ROOT}/Manifest.lock\" > /dev/null\nif [ $? != 0 ] ; then\n    # print error to STDERR\n    echo \"error: The sandbox is not in sync with the Podfile.lock. Run 'pod install' or update your CocoaPods installation.\" >&2\n    exit 1\nfi\n# This output is used by Xcode 'outputs' to avoid re-running this script phase.\necho \"SUCCESS\" > \"${SCRIPT_OUTPUT_FILE_0}\"\n";
			showEnvVarsInLog = 0;
		};
/* End PBXShellScriptBuildPhase section */

/* Begin PBXSourcesBuildPhase section */
		A2AE9F36232EEEA000B4B82D /* Sources */ = {
			isa = PBXSourcesBuildPhase;
			buildActionMask = 2147483647;
			files = (
				A2AE9FB6232EF29B00B4B82D /* ErrorTracker.swift in Sources */,
				A2AE9FAC232EEFD300B4B82D /* MoviesRouter.swift in Sources */,
				A2AE9FB2232EF27A00B4B82D /* Observable.swift in Sources */,
				A2AE9FB0232EEFF000B4B82D /* MoviesViewController.swift in Sources */,
				A2AE9FBA232EF2D100B4B82D /* MovieCellViewModel.swift in Sources */,
				A2AE9FB8232EF2A900B4B82D /* ViewModelType.swift in Sources */,
				A2AE9F3E232EEEA000B4B82D /* AppDelegate.swift in Sources */,
				A2AE9FCF232EF9BB00B4B82D /* MovieCollectionViewCell.swift in Sources */,
				A2AE9FB4232EF28F00B4B82D /* ActivityIndicator.swift in Sources */,
				A2AE9FAE232EEFDD00B4B82D /* MoviesViewModel.swift in Sources */,
			);
			runOnlyForDeploymentPostprocessing = 0;
		};
		A2AE9F4A232EEEA100B4B82D /* Sources */ = {
			isa = PBXSourcesBuildPhase;
			buildActionMask = 2147483647;
			files = (
				A2AE9F53232EEEA100B4B82D /* BlueCodingTests.swift in Sources */,
			);
			runOnlyForDeploymentPostprocessing = 0;
		};
		A2AE9F5E232EEF3300B4B82D /* Sources */ = {
			isa = PBXSourcesBuildPhase;
			buildActionMask = 2147483647;
			files = (
				A2AE9FBE232EF34900B4B82D /* Movie.swift in Sources */,
				A2AE9FC0232EF35800B4B82D /* UseCaseProvider.swift in Sources */,
				A2AE9FBC232EF33300B4B82D /* MoviesUseCase.swift in Sources */,
			);
			runOnlyForDeploymentPostprocessing = 0;
		};
		A2AE9F66232EEF3300B4B82D /* Sources */ = {
			isa = PBXSourcesBuildPhase;
			buildActionMask = 2147483647;
			files = (
				A2AE9F72232EEF3300B4B82D /* DomainTests.swift in Sources */,
			);
			runOnlyForDeploymentPostprocessing = 0;
		};
		A2AE9F81232EEF3D00B4B82D /* Sources */ = {
			isa = PBXSourcesBuildPhase;
			buildActionMask = 2147483647;
			files = (
				A2AE9FEB232F2E5000B4B82D /* RunLoopThreadScheduler.swift in Sources */,
				A2AE9FC4232EF3BB00B4B82D /* UseCaseProvider.swift in Sources */,
				A2AE9FE1232F288100B4B82D /* RMMovie.swift in Sources */,
				A2AE9FF3232FD90500B4B82D /* DatabaseProvider.swift in Sources */,
				A2AE9FD5232F002A00B4B82D /* NetworkProvider.swift in Sources */,
				A2AE9FED232F2EA800B4B82D /* Observable+Ext.swift in Sources */,
				A2AE9FE9232F2DCA00B4B82D /* DomainConvertibleType.swift in Sources */,
				A2AE9FE4232F2D7400B4B82D /* Database.swift in Sources */,
				A2AE9FC2232EF3A700B4B82D /* MoviesDataRepository.swift in Sources */,
				A2AE9FEF232F2F0800B4B82D /* Realm+Ext.swift in Sources */,
				A2AE9FDE232F27AB00B4B82D /* MoviesDatabase.swift in Sources */,
				A2AE9FE7232F2DBF00B4B82D /* RealmRepresentable.swift in Sources */,
				A2AE9FD8232F009D00B4B82D /* MoviesNetwork.swift in Sources */,
				A2AE9FD3232EFFF500B4B82D /* Network.swift in Sources */,
			);
			runOnlyForDeploymentPostprocessing = 0;
		};
		A2AE9F89232EEF3D00B4B82D /* Sources */ = {
			isa = PBXSourcesBuildPhase;
			buildActionMask = 2147483647;
			files = (
				A2AE9F95232EEF3D00B4B82D /* DataPlatformTests.swift in Sources */,
			);
			runOnlyForDeploymentPostprocessing = 0;
		};
/* End PBXSourcesBuildPhase section */

/* Begin PBXTargetDependency section */
		A2AE9F50232EEEA100B4B82D /* PBXTargetDependency */ = {
			isa = PBXTargetDependency;
			target = A2AE9F39232EEEA000B4B82D /* BlueCoding */;
			targetProxy = A2AE9F4F232EEEA100B4B82D /* PBXContainerItemProxy */;
		};
		A2AE9F6D232EEF3300B4B82D /* PBXTargetDependency */ = {
			isa = PBXTargetDependency;
			target = A2AE9F61232EEF3300B4B82D /* Domain */;
			targetProxy = A2AE9F6C232EEF3300B4B82D /* PBXContainerItemProxy */;
		};
		A2AE9F6F232EEF3300B4B82D /* PBXTargetDependency */ = {
			isa = PBXTargetDependency;
			target = A2AE9F39232EEEA000B4B82D /* BlueCoding */;
			targetProxy = A2AE9F6E232EEF3300B4B82D /* PBXContainerItemProxy */;
		};
		A2AE9F76232EEF3300B4B82D /* PBXTargetDependency */ = {
			isa = PBXTargetDependency;
			target = A2AE9F61232EEF3300B4B82D /* Domain */;
			targetProxy = A2AE9F75232EEF3300B4B82D /* PBXContainerItemProxy */;
		};
		A2AE9F90232EEF3D00B4B82D /* PBXTargetDependency */ = {
			isa = PBXTargetDependency;
			target = A2AE9F84232EEF3D00B4B82D /* DataPlatform */;
			targetProxy = A2AE9F8F232EEF3D00B4B82D /* PBXContainerItemProxy */;
		};
		A2AE9F92232EEF3D00B4B82D /* PBXTargetDependency */ = {
			isa = PBXTargetDependency;
			target = A2AE9F39232EEEA000B4B82D /* BlueCoding */;
			targetProxy = A2AE9F91232EEF3D00B4B82D /* PBXContainerItemProxy */;
		};
		A2AE9F99232EEF3D00B4B82D /* PBXTargetDependency */ = {
			isa = PBXTargetDependency;
			target = A2AE9F84232EEF3D00B4B82D /* DataPlatform */;
			targetProxy = A2AE9F98232EEF3D00B4B82D /* PBXContainerItemProxy */;
		};
/* End PBXTargetDependency section */

/* Begin PBXVariantGroup section */
		A2AE9F41232EEEA000B4B82D /* Main.storyboard */ = {
			isa = PBXVariantGroup;
			children = (
				A2AE9F42232EEEA000B4B82D /* Base */,
			);
			name = Main.storyboard;
			sourceTree = "<group>";
		};
		A2AE9F46232EEEA100B4B82D /* LaunchScreen.storyboard */ = {
			isa = PBXVariantGroup;
			children = (
				A2AE9F47232EEEA100B4B82D /* Base */,
			);
			name = LaunchScreen.storyboard;
			sourceTree = "<group>";
		};
/* End PBXVariantGroup section */

/* Begin XCBuildConfiguration section */
		A2AE9F55232EEEA100B4B82D /* Debug */ = {
			isa = XCBuildConfiguration;
			buildSettings = {
				ALWAYS_SEARCH_USER_PATHS = NO;
				CLANG_ANALYZER_NONNULL = YES;
				CLANG_ANALYZER_NUMBER_OBJECT_CONVERSION = YES_AGGRESSIVE;
				CLANG_CXX_LANGUAGE_STANDARD = "gnu++14";
				CLANG_CXX_LIBRARY = "libc++";
				CLANG_ENABLE_MODULES = YES;
				CLANG_ENABLE_OBJC_ARC = YES;
				CLANG_ENABLE_OBJC_WEAK = YES;
				CLANG_WARN_BLOCK_CAPTURE_AUTORELEASING = YES;
				CLANG_WARN_BOOL_CONVERSION = YES;
				CLANG_WARN_COMMA = YES;
				CLANG_WARN_CONSTANT_CONVERSION = YES;
				CLANG_WARN_DEPRECATED_OBJC_IMPLEMENTATIONS = YES;
				CLANG_WARN_DIRECT_OBJC_ISA_USAGE = YES_ERROR;
				CLANG_WARN_DOCUMENTATION_COMMENTS = YES;
				CLANG_WARN_EMPTY_BODY = YES;
				CLANG_WARN_ENUM_CONVERSION = YES;
				CLANG_WARN_INFINITE_RECURSION = YES;
				CLANG_WARN_INT_CONVERSION = YES;
				CLANG_WARN_NON_LITERAL_NULL_CONVERSION = YES;
				CLANG_WARN_OBJC_IMPLICIT_RETAIN_SELF = YES;
				CLANG_WARN_OBJC_LITERAL_CONVERSION = YES;
				CLANG_WARN_OBJC_ROOT_CLASS = YES_ERROR;
				CLANG_WARN_RANGE_LOOP_ANALYSIS = YES;
				CLANG_WARN_STRICT_PROTOTYPES = YES;
				CLANG_WARN_SUSPICIOUS_MOVE = YES;
				CLANG_WARN_UNGUARDED_AVAILABILITY = YES_AGGRESSIVE;
				CLANG_WARN_UNREACHABLE_CODE = YES;
				CLANG_WARN__DUPLICATE_METHOD_MATCH = YES;
				CODE_SIGN_IDENTITY = "iPhone Developer";
				COPY_PHASE_STRIP = NO;
				DEBUG_INFORMATION_FORMAT = dwarf;
				ENABLE_STRICT_OBJC_MSGSEND = YES;
				ENABLE_TESTABILITY = YES;
				GCC_C_LANGUAGE_STANDARD = gnu11;
				GCC_DYNAMIC_NO_PIC = NO;
				GCC_NO_COMMON_BLOCKS = YES;
				GCC_OPTIMIZATION_LEVEL = 0;
				GCC_PREPROCESSOR_DEFINITIONS = (
					"DEBUG=1",
					"$(inherited)",
				);
				GCC_WARN_64_TO_32_BIT_CONVERSION = YES;
				GCC_WARN_ABOUT_RETURN_TYPE = YES_ERROR;
				GCC_WARN_UNDECLARED_SELECTOR = YES;
				GCC_WARN_UNINITIALIZED_AUTOS = YES_AGGRESSIVE;
				GCC_WARN_UNUSED_FUNCTION = YES;
				GCC_WARN_UNUSED_VARIABLE = YES;
				IPHONEOS_DEPLOYMENT_TARGET = 12.4;
				MTL_ENABLE_DEBUG_INFO = INCLUDE_SOURCE;
				MTL_FAST_MATH = YES;
				ONLY_ACTIVE_ARCH = YES;
				SDKROOT = iphoneos;
				SWIFT_ACTIVE_COMPILATION_CONDITIONS = DEBUG;
				SWIFT_OPTIMIZATION_LEVEL = "-Onone";
			};
			name = Debug;
		};
		A2AE9F56232EEEA100B4B82D /* Release */ = {
			isa = XCBuildConfiguration;
			buildSettings = {
				ALWAYS_SEARCH_USER_PATHS = NO;
				CLANG_ANALYZER_NONNULL = YES;
				CLANG_ANALYZER_NUMBER_OBJECT_CONVERSION = YES_AGGRESSIVE;
				CLANG_CXX_LANGUAGE_STANDARD = "gnu++14";
				CLANG_CXX_LIBRARY = "libc++";
				CLANG_ENABLE_MODULES = YES;
				CLANG_ENABLE_OBJC_ARC = YES;
				CLANG_ENABLE_OBJC_WEAK = YES;
				CLANG_WARN_BLOCK_CAPTURE_AUTORELEASING = YES;
				CLANG_WARN_BOOL_CONVERSION = YES;
				CLANG_WARN_COMMA = YES;
				CLANG_WARN_CONSTANT_CONVERSION = YES;
				CLANG_WARN_DEPRECATED_OBJC_IMPLEMENTATIONS = YES;
				CLANG_WARN_DIRECT_OBJC_ISA_USAGE = YES_ERROR;
				CLANG_WARN_DOCUMENTATION_COMMENTS = YES;
				CLANG_WARN_EMPTY_BODY = YES;
				CLANG_WARN_ENUM_CONVERSION = YES;
				CLANG_WARN_INFINITE_RECURSION = YES;
				CLANG_WARN_INT_CONVERSION = YES;
				CLANG_WARN_NON_LITERAL_NULL_CONVERSION = YES;
				CLANG_WARN_OBJC_IMPLICIT_RETAIN_SELF = YES;
				CLANG_WARN_OBJC_LITERAL_CONVERSION = YES;
				CLANG_WARN_OBJC_ROOT_CLASS = YES_ERROR;
				CLANG_WARN_RANGE_LOOP_ANALYSIS = YES;
				CLANG_WARN_STRICT_PROTOTYPES = YES;
				CLANG_WARN_SUSPICIOUS_MOVE = YES;
				CLANG_WARN_UNGUARDED_AVAILABILITY = YES_AGGRESSIVE;
				CLANG_WARN_UNREACHABLE_CODE = YES;
				CLANG_WARN__DUPLICATE_METHOD_MATCH = YES;
				CODE_SIGN_IDENTITY = "iPhone Developer";
				COPY_PHASE_STRIP = NO;
				DEBUG_INFORMATION_FORMAT = "dwarf-with-dsym";
				ENABLE_NS_ASSERTIONS = NO;
				ENABLE_STRICT_OBJC_MSGSEND = YES;
				GCC_C_LANGUAGE_STANDARD = gnu11;
				GCC_NO_COMMON_BLOCKS = YES;
				GCC_WARN_64_TO_32_BIT_CONVERSION = YES;
				GCC_WARN_ABOUT_RETURN_TYPE = YES_ERROR;
				GCC_WARN_UNDECLARED_SELECTOR = YES;
				GCC_WARN_UNINITIALIZED_AUTOS = YES_AGGRESSIVE;
				GCC_WARN_UNUSED_FUNCTION = YES;
				GCC_WARN_UNUSED_VARIABLE = YES;
				IPHONEOS_DEPLOYMENT_TARGET = 12.4;
				MTL_ENABLE_DEBUG_INFO = NO;
				MTL_FAST_MATH = YES;
				SDKROOT = iphoneos;
				SWIFT_COMPILATION_MODE = wholemodule;
				SWIFT_OPTIMIZATION_LEVEL = "-O";
				VALIDATE_PRODUCT = YES;
			};
			name = Release;
		};
		A2AE9F58232EEEA100B4B82D /* Debug */ = {
			isa = XCBuildConfiguration;
			baseConfigurationReference = 9306FD1229D2978256C928DF /* Pods-BlueCoding.debug.xcconfig */;
			buildSettings = {
				ALWAYS_EMBED_SWIFT_STANDARD_LIBRARIES = YES;
				ASSETCATALOG_COMPILER_APPICON_NAME = AppIcon;
				CODE_SIGN_STYLE = Automatic;
				INFOPLIST_FILE = BlueCoding/Info.plist;
				LD_RUNPATH_SEARCH_PATHS = (
					"$(inherited)",
					"@executable_path/Frameworks",
				);
				PRODUCT_BUNDLE_IDENTIFIER = fernandogallo.BlueCoding;
				PRODUCT_NAME = "$(TARGET_NAME)";
				SWIFT_VERSION = 5.0;
				TARGETED_DEVICE_FAMILY = "1,2";
			};
			name = Debug;
		};
		A2AE9F59232EEEA100B4B82D /* Release */ = {
			isa = XCBuildConfiguration;
			baseConfigurationReference = C0D4ECAFDF17FC71765B5368 /* Pods-BlueCoding.release.xcconfig */;
			buildSettings = {
				ALWAYS_EMBED_SWIFT_STANDARD_LIBRARIES = YES;
				ASSETCATALOG_COMPILER_APPICON_NAME = AppIcon;
				CODE_SIGN_STYLE = Automatic;
				INFOPLIST_FILE = BlueCoding/Info.plist;
				LD_RUNPATH_SEARCH_PATHS = (
					"$(inherited)",
					"@executable_path/Frameworks",
				);
				PRODUCT_BUNDLE_IDENTIFIER = fernandogallo.BlueCoding;
				PRODUCT_NAME = "$(TARGET_NAME)";
				SWIFT_VERSION = 5.0;
				TARGETED_DEVICE_FAMILY = "1,2";
			};
			name = Release;
		};
		A2AE9F5B232EEEA100B4B82D /* Debug */ = {
			isa = XCBuildConfiguration;
			baseConfigurationReference = 40652E63AEA8AF3A96D8E052 /* Pods-BlueCodingTests.debug.xcconfig */;
			buildSettings = {
				ALWAYS_EMBED_SWIFT_STANDARD_LIBRARIES = YES;
				BUNDLE_LOADER = "$(TEST_HOST)";
				CODE_SIGN_STYLE = Automatic;
				INFOPLIST_FILE = BlueCodingTests/Info.plist;
				LD_RUNPATH_SEARCH_PATHS = (
					"$(inherited)",
					"@executable_path/Frameworks",
					"@loader_path/Frameworks",
				);
				PRODUCT_BUNDLE_IDENTIFIER = fernandogallo.BlueCodingTests;
				PRODUCT_NAME = "$(TARGET_NAME)";
				SWIFT_VERSION = 5.0;
				TARGETED_DEVICE_FAMILY = "1,2";
				TEST_HOST = "$(BUILT_PRODUCTS_DIR)/BlueCoding.app/BlueCoding";
			};
			name = Debug;
		};
		A2AE9F5C232EEEA100B4B82D /* Release */ = {
			isa = XCBuildConfiguration;
			baseConfigurationReference = 6DF420E3A6707CFAAB49B3F4 /* Pods-BlueCodingTests.release.xcconfig */;
			buildSettings = {
				ALWAYS_EMBED_SWIFT_STANDARD_LIBRARIES = YES;
				BUNDLE_LOADER = "$(TEST_HOST)";
				CODE_SIGN_STYLE = Automatic;
				INFOPLIST_FILE = BlueCodingTests/Info.plist;
				LD_RUNPATH_SEARCH_PATHS = (
					"$(inherited)",
					"@executable_path/Frameworks",
					"@loader_path/Frameworks",
				);
				PRODUCT_BUNDLE_IDENTIFIER = fernandogallo.BlueCodingTests;
				PRODUCT_NAME = "$(TARGET_NAME)";
				SWIFT_VERSION = 5.0;
				TARGETED_DEVICE_FAMILY = "1,2";
				TEST_HOST = "$(BUILT_PRODUCTS_DIR)/BlueCoding.app/BlueCoding";
			};
			name = Release;
		};
		A2AE9F7A232EEF3300B4B82D /* Debug */ = {
			isa = XCBuildConfiguration;
			baseConfigurationReference = EAF63B5F00CFA3B7189CB886 /* Pods-Domain.debug.xcconfig */;
			buildSettings = {
				CLANG_ENABLE_MODULES = YES;
				CODE_SIGN_IDENTITY = "";
				CODE_SIGN_STYLE = Automatic;
				CURRENT_PROJECT_VERSION = 1;
				DEFINES_MODULE = YES;
				DYLIB_COMPATIBILITY_VERSION = 1;
				DYLIB_CURRENT_VERSION = 1;
				DYLIB_INSTALL_NAME_BASE = "@rpath";
				INFOPLIST_FILE = Domain/Info.plist;
				INSTALL_PATH = "$(LOCAL_LIBRARY_DIR)/Frameworks";
				LD_RUNPATH_SEARCH_PATHS = (
					"$(inherited)",
					"@executable_path/Frameworks",
					"@loader_path/Frameworks",
				);
				PRODUCT_BUNDLE_IDENTIFIER = fernandogallo.Domain;
				PRODUCT_NAME = "$(TARGET_NAME:c99extidentifier)";
				SKIP_INSTALL = YES;
				SWIFT_OPTIMIZATION_LEVEL = "-Onone";
				SWIFT_VERSION = 5.0;
				TARGETED_DEVICE_FAMILY = "1,2";
				VERSIONING_SYSTEM = "apple-generic";
				VERSION_INFO_PREFIX = "";
			};
			name = Debug;
		};
		A2AE9F7B232EEF3300B4B82D /* Release */ = {
			isa = XCBuildConfiguration;
			baseConfigurationReference = 3372FD8B8ACFE93F9C97870A /* Pods-Domain.release.xcconfig */;
			buildSettings = {
				CLANG_ENABLE_MODULES = YES;
				CODE_SIGN_IDENTITY = "";
				CODE_SIGN_STYLE = Automatic;
				CURRENT_PROJECT_VERSION = 1;
				DEFINES_MODULE = YES;
				DYLIB_COMPATIBILITY_VERSION = 1;
				DYLIB_CURRENT_VERSION = 1;
				DYLIB_INSTALL_NAME_BASE = "@rpath";
				INFOPLIST_FILE = Domain/Info.plist;
				INSTALL_PATH = "$(LOCAL_LIBRARY_DIR)/Frameworks";
				LD_RUNPATH_SEARCH_PATHS = (
					"$(inherited)",
					"@executable_path/Frameworks",
					"@loader_path/Frameworks",
				);
				PRODUCT_BUNDLE_IDENTIFIER = fernandogallo.Domain;
				PRODUCT_NAME = "$(TARGET_NAME:c99extidentifier)";
				SKIP_INSTALL = YES;
				SWIFT_VERSION = 5.0;
				TARGETED_DEVICE_FAMILY = "1,2";
				VERSIONING_SYSTEM = "apple-generic";
				VERSION_INFO_PREFIX = "";
			};
			name = Release;
		};
		A2AE9F7E232EEF3300B4B82D /* Debug */ = {
			isa = XCBuildConfiguration;
			baseConfigurationReference = FF778069EA9CE8907EF0D752 /* Pods-DomainTests.debug.xcconfig */;
			buildSettings = {
				ALWAYS_EMBED_SWIFT_STANDARD_LIBRARIES = YES;
				CODE_SIGN_STYLE = Automatic;
				INFOPLIST_FILE = DomainTests/Info.plist;
				LD_RUNPATH_SEARCH_PATHS = (
					"$(inherited)",
					"@executable_path/Frameworks",
					"@loader_path/Frameworks",
				);
				PRODUCT_BUNDLE_IDENTIFIER = fernandogallo.DomainTests;
				PRODUCT_NAME = "$(TARGET_NAME)";
				SWIFT_VERSION = 5.0;
				TARGETED_DEVICE_FAMILY = "1,2";
				TEST_HOST = "$(BUILT_PRODUCTS_DIR)/BlueCoding.app/BlueCoding";
			};
			name = Debug;
		};
		A2AE9F7F232EEF3300B4B82D /* Release */ = {
			isa = XCBuildConfiguration;
			baseConfigurationReference = 32B189AD67CA90F49A8AD39D /* Pods-DomainTests.release.xcconfig */;
			buildSettings = {
				ALWAYS_EMBED_SWIFT_STANDARD_LIBRARIES = YES;
				CODE_SIGN_STYLE = Automatic;
				INFOPLIST_FILE = DomainTests/Info.plist;
				LD_RUNPATH_SEARCH_PATHS = (
					"$(inherited)",
					"@executable_path/Frameworks",
					"@loader_path/Frameworks",
				);
				PRODUCT_BUNDLE_IDENTIFIER = fernandogallo.DomainTests;
				PRODUCT_NAME = "$(TARGET_NAME)";
				SWIFT_VERSION = 5.0;
				TARGETED_DEVICE_FAMILY = "1,2";
				TEST_HOST = "$(BUILT_PRODUCTS_DIR)/BlueCoding.app/BlueCoding";
			};
			name = Release;
		};
		A2AE9F9D232EEF3D00B4B82D /* Debug */ = {
			isa = XCBuildConfiguration;
			baseConfigurationReference = 3226D9376779D5648A5756ED /* Pods-DataPlatform.debug.xcconfig */;
			buildSettings = {
				CLANG_ENABLE_MODULES = YES;
				CODE_SIGN_IDENTITY = "";
				CODE_SIGN_STYLE = Automatic;
				CURRENT_PROJECT_VERSION = 1;
				DEFINES_MODULE = YES;
				DYLIB_COMPATIBILITY_VERSION = 1;
				DYLIB_CURRENT_VERSION = 1;
				DYLIB_INSTALL_NAME_BASE = "@rpath";
				INFOPLIST_FILE = DataPlatform/Info.plist;
				INSTALL_PATH = "$(LOCAL_LIBRARY_DIR)/Frameworks";
				LD_RUNPATH_SEARCH_PATHS = (
					"$(inherited)",
					"@executable_path/Frameworks",
					"@loader_path/Frameworks",
				);
				PRODUCT_BUNDLE_IDENTIFIER = fernandogallo.DataPlatform;
				PRODUCT_NAME = "$(TARGET_NAME:c99extidentifier)";
				SKIP_INSTALL = YES;
				SWIFT_OPTIMIZATION_LEVEL = "-Onone";
				SWIFT_VERSION = 5.0;
				TARGETED_DEVICE_FAMILY = "1,2";
				VERSIONING_SYSTEM = "apple-generic";
				VERSION_INFO_PREFIX = "";
			};
			name = Debug;
		};
		A2AE9F9E232EEF3D00B4B82D /* Release */ = {
			isa = XCBuildConfiguration;
			baseConfigurationReference = 103878047A6319556CDDA6B1 /* Pods-DataPlatform.release.xcconfig */;
			buildSettings = {
				CLANG_ENABLE_MODULES = YES;
				CODE_SIGN_IDENTITY = "";
				CODE_SIGN_STYLE = Automatic;
				CURRENT_PROJECT_VERSION = 1;
				DEFINES_MODULE = YES;
				DYLIB_COMPATIBILITY_VERSION = 1;
				DYLIB_CURRENT_VERSION = 1;
				DYLIB_INSTALL_NAME_BASE = "@rpath";
				INFOPLIST_FILE = DataPlatform/Info.plist;
				INSTALL_PATH = "$(LOCAL_LIBRARY_DIR)/Frameworks";
				LD_RUNPATH_SEARCH_PATHS = (
					"$(inherited)",
					"@executable_path/Frameworks",
					"@loader_path/Frameworks",
				);
				PRODUCT_BUNDLE_IDENTIFIER = fernandogallo.DataPlatform;
				PRODUCT_NAME = "$(TARGET_NAME:c99extidentifier)";
				SKIP_INSTALL = YES;
				SWIFT_VERSION = 5.0;
				TARGETED_DEVICE_FAMILY = "1,2";
				VERSIONING_SYSTEM = "apple-generic";
				VERSION_INFO_PREFIX = "";
			};
			name = Release;
		};
		A2AE9FA0232EEF3D00B4B82D /* Debug */ = {
			isa = XCBuildConfiguration;
			baseConfigurationReference = E917C5A7CAC7975D1C12B542 /* Pods-DataPlatformTests.debug.xcconfig */;
			buildSettings = {
				ALWAYS_EMBED_SWIFT_STANDARD_LIBRARIES = YES;
				CODE_SIGN_STYLE = Automatic;
				INFOPLIST_FILE = DataPlatformTests/Info.plist;
				LD_RUNPATH_SEARCH_PATHS = (
					"$(inherited)",
					"@executable_path/Frameworks",
					"@loader_path/Frameworks",
				);
				PRODUCT_BUNDLE_IDENTIFIER = fernandogallo.DataPlatformTests;
				PRODUCT_NAME = "$(TARGET_NAME)";
				SWIFT_VERSION = 5.0;
				TARGETED_DEVICE_FAMILY = "1,2";
				TEST_HOST = "$(BUILT_PRODUCTS_DIR)/BlueCoding.app/BlueCoding";
			};
			name = Debug;
		};
		A2AE9FA1232EEF3D00B4B82D /* Release */ = {
			isa = XCBuildConfiguration;
			baseConfigurationReference = D90112B76BB6B5A6D8144895 /* Pods-DataPlatformTests.release.xcconfig */;
			buildSettings = {
				ALWAYS_EMBED_SWIFT_STANDARD_LIBRARIES = YES;
				CODE_SIGN_STYLE = Automatic;
				INFOPLIST_FILE = DataPlatformTests/Info.plist;
				LD_RUNPATH_SEARCH_PATHS = (
					"$(inherited)",
					"@executable_path/Frameworks",
					"@loader_path/Frameworks",
				);
				PRODUCT_BUNDLE_IDENTIFIER = fernandogallo.DataPlatformTests;
				PRODUCT_NAME = "$(TARGET_NAME)";
				SWIFT_VERSION = 5.0;
				TARGETED_DEVICE_FAMILY = "1,2";
				TEST_HOST = "$(BUILT_PRODUCTS_DIR)/BlueCoding.app/BlueCoding";
			};
			name = Release;
		};
/* End XCBuildConfiguration section */

/* Begin XCConfigurationList section */
		A2AE9F35232EEEA000B4B82D /* Build configuration list for PBXProject "BlueCoding" */ = {
			isa = XCConfigurationList;
			buildConfigurations = (
				A2AE9F55232EEEA100B4B82D /* Debug */,
				A2AE9F56232EEEA100B4B82D /* Release */,
			);
			defaultConfigurationIsVisible = 0;
			defaultConfigurationName = Release;
		};
		A2AE9F57232EEEA100B4B82D /* Build configuration list for PBXNativeTarget "BlueCoding" */ = {
			isa = XCConfigurationList;
			buildConfigurations = (
				A2AE9F58232EEEA100B4B82D /* Debug */,
				A2AE9F59232EEEA100B4B82D /* Release */,
			);
			defaultConfigurationIsVisible = 0;
			defaultConfigurationName = Release;
		};
		A2AE9F5A232EEEA100B4B82D /* Build configuration list for PBXNativeTarget "BlueCodingTests" */ = {
			isa = XCConfigurationList;
			buildConfigurations = (
				A2AE9F5B232EEEA100B4B82D /* Debug */,
				A2AE9F5C232EEEA100B4B82D /* Release */,
			);
			defaultConfigurationIsVisible = 0;
			defaultConfigurationName = Release;
		};
		A2AE9F79232EEF3300B4B82D /* Build configuration list for PBXNativeTarget "Domain" */ = {
			isa = XCConfigurationList;
			buildConfigurations = (
				A2AE9F7A232EEF3300B4B82D /* Debug */,
				A2AE9F7B232EEF3300B4B82D /* Release */,
			);
			defaultConfigurationIsVisible = 0;
			defaultConfigurationName = Release;
		};
		A2AE9F7D232EEF3300B4B82D /* Build configuration list for PBXNativeTarget "DomainTests" */ = {
			isa = XCConfigurationList;
			buildConfigurations = (
				A2AE9F7E232EEF3300B4B82D /* Debug */,
				A2AE9F7F232EEF3300B4B82D /* Release */,
			);
			defaultConfigurationIsVisible = 0;
			defaultConfigurationName = Release;
		};
		A2AE9F9C232EEF3D00B4B82D /* Build configuration list for PBXNativeTarget "DataPlatform" */ = {
			isa = XCConfigurationList;
			buildConfigurations = (
				A2AE9F9D232EEF3D00B4B82D /* Debug */,
				A2AE9F9E232EEF3D00B4B82D /* Release */,
			);
			defaultConfigurationIsVisible = 0;
			defaultConfigurationName = Release;
		};
		A2AE9F9F232EEF3D00B4B82D /* Build configuration list for PBXNativeTarget "DataPlatformTests" */ = {
			isa = XCConfigurationList;
			buildConfigurations = (
				A2AE9FA0232EEF3D00B4B82D /* Debug */,
				A2AE9FA1232EEF3D00B4B82D /* Release */,
			);
			defaultConfigurationIsVisible = 0;
			defaultConfigurationName = Release;
		};
/* End XCConfigurationList section */
	};
	rootObject = A2AE9F32232EEEA000B4B82D /* Project object */;
}
